PODS:
  - appcenter-analytics (4.4.3):
    - AppCenter/Analytics (~> 4.0)
    - AppCenterReactNativeShared (~> 4.0)
    - React-Core
  - appcenter-core (4.4.3):
    - AppCenterReactNativeShared (~> 4.0)
    - React-Core
  - appcenter-crashes (4.4.3):
    - AppCenter/Crashes (~> 4.0)
    - AppCenterReactNativeShared (~> 4.0)
    - React-Core
  - AppCenter/Analytics (4.4.1):
    - AppCenter/Core
  - AppCenter/Core (4.4.1)
  - AppCenter/Crashes (4.4.1):
    - AppCenter/Core
  - AppCenterReactNativeShared (4.4.3):
    - AppCenter/Core (= 4.4.1)
  - Base64 (1.1.2)
  - boost (1.76.0)
  - CodePush (7.0.4):
    - Base64 (~> 1.1)
    - JWT (~> 3.0.0-beta.12)
    - React-Core
    - SSZipArchive (~> 2.2.2)
  - DoubleConversion (1.1.6)
  - FBAEMKit (12.2.1):
    - FBSDKCoreKit_Basics (= 12.2.1)
  - FBLazyVector (0.67.2)
  - FBReactNativeSpec (0.67.2):
    - RCT-Folly (= 2021.06.28.00-v2)
    - RCTRequired (= 0.67.2)
    - RCTTypeSafety (= 0.67.2)
    - React-Core (= 0.67.2)
    - React-jsi (= 0.67.2)
    - ReactCommon/turbomodule/core (= 0.67.2)
  - FBSDKCoreKit (12.2.1):
    - FBAEMKit (= 12.2.1)
    - FBSDKCoreKit_Basics (= 12.2.1)
  - FBSDKCoreKit_Basics (12.2.1)
  - FBSDKLoginKit (12.2.1):
    - FBSDKCoreKit (= 12.2.1)
  - FBSDKShareKit (12.2.1):
    - FBSDKCoreKit (= 12.2.1)
  - Firebase/Analytics (8.10.0):
    - Firebase/Core
  - Firebase/Core (8.10.0):
    - Firebase/CoreOnly
    - FirebaseAnalytics (~> 8.10.0)
  - Firebase/CoreOnly (8.10.0):
    - FirebaseCore (= 8.10.0)
  - Firebase/Crashlytics (8.10.0):
    - Firebase/CoreOnly
    - FirebaseCrashlytics (~> 8.10.0)
  - Firebase/Messaging (8.10.0):
    - Firebase/CoreOnly
    - FirebaseMessaging (~> 8.10.0)
  - FirebaseAnalytics (8.10.0):
    - FirebaseAnalytics/AdIdSupport (= 8.10.0)
    - FirebaseCore (~> 8.0)
    - FirebaseInstallations (~> 8.0)
    - GoogleUtilities/AppDelegateSwizzler (~> 7.6)
    - GoogleUtilities/MethodSwizzler (~> 7.6)
    - GoogleUtilities/Network (~> 7.6)
    - "GoogleUtilities/NSData+zlib (~> 7.6)"
    - nanopb (~> 2.30908.0)
  - FirebaseAnalytics/AdIdSupport (8.10.0):
    - FirebaseCore (~> 8.0)
    - FirebaseInstallations (~> 8.0)
    - GoogleAppMeasurement (= 8.10.0)
    - GoogleUtilities/AppDelegateSwizzler (~> 7.6)
    - GoogleUtilities/MethodSwizzler (~> 7.6)
    - GoogleUtilities/Network (~> 7.6)
    - "GoogleUtilities/NSData+zlib (~> 7.6)"
    - nanopb (~> 2.30908.0)
  - FirebaseCore (8.10.0):
    - FirebaseCoreDiagnostics (~> 8.0)
    - GoogleUtilities/Environment (~> 7.6)
    - GoogleUtilities/Logger (~> 7.6)
  - FirebaseCoreDiagnostics (8.12.0):
    - GoogleDataTransport (~> 9.1)
    - GoogleUtilities/Environment (~> 7.7)
    - GoogleUtilities/Logger (~> 7.7)
    - nanopb (~> 2.30908.0)
  - FirebaseCrashlytics (8.10.0):
    - FirebaseCore (~> 8.0)
    - FirebaseInstallations (~> 8.0)
    - GoogleDataTransport (~> 9.1)
    - GoogleUtilities/Environment (~> 7.6)
    - nanopb (~> 2.30908.0)
    - PromisesObjC (< 3.0, >= 1.2)
  - FirebaseInstallations (8.12.0):
    - FirebaseCore (~> 8.0)
    - GoogleUtilities/Environment (~> 7.7)
    - GoogleUtilities/UserDefaults (~> 7.7)
    - PromisesObjC (< 3.0, >= 1.2)
  - FirebaseMessaging (8.10.0):
    - FirebaseCore (~> 8.0)
    - FirebaseInstallations (~> 8.0)
    - GoogleDataTransport (~> 9.1)
    - GoogleUtilities/AppDelegateSwizzler (~> 7.6)
    - GoogleUtilities/Environment (~> 7.6)
    - GoogleUtilities/Reachability (~> 7.6)
    - GoogleUtilities/UserDefaults (~> 7.6)
    - nanopb (~> 2.30908.0)
  - fmt (6.2.1)
  - glog (0.3.5)
  - GoogleAppMeasurement (8.10.0):
    - GoogleAppMeasurement/AdIdSupport (= 8.10.0)
    - GoogleUtilities/AppDelegateSwizzler (~> 7.6)
    - GoogleUtilities/MethodSwizzler (~> 7.6)
    - GoogleUtilities/Network (~> 7.6)
    - "GoogleUtilities/NSData+zlib (~> 7.6)"
    - nanopb (~> 2.30908.0)
  - GoogleAppMeasurement/AdIdSupport (8.10.0):
    - GoogleAppMeasurement/WithoutAdIdSupport (= 8.10.0)
    - GoogleUtilities/AppDelegateSwizzler (~> 7.6)
    - GoogleUtilities/MethodSwizzler (~> 7.6)
    - GoogleUtilities/Network (~> 7.6)
    - "GoogleUtilities/NSData+zlib (~> 7.6)"
    - nanopb (~> 2.30908.0)
  - GoogleAppMeasurement/WithoutAdIdSupport (8.10.0):
    - GoogleUtilities/AppDelegateSwizzler (~> 7.6)
    - GoogleUtilities/MethodSwizzler (~> 7.6)
    - GoogleUtilities/Network (~> 7.6)
    - "GoogleUtilities/NSData+zlib (~> 7.6)"
    - nanopb (~> 2.30908.0)
  - GoogleDataTransport (9.1.2):
    - GoogleUtilities/Environment (~> 7.2)
    - nanopb (~> 2.30908.0)
    - PromisesObjC (< 3.0, >= 1.2)
  - GoogleUtilities/AppDelegateSwizzler (7.7.0):
    - GoogleUtilities/Environment
    - GoogleUtilities/Logger
    - GoogleUtilities/Network
  - GoogleUtilities/Environment (7.7.0):
    - PromisesObjC (< 3.0, >= 1.2)
  - GoogleUtilities/Logger (7.7.0):
    - GoogleUtilities/Environment
  - GoogleUtilities/MethodSwizzler (7.7.0):
    - GoogleUtilities/Logger
  - GoogleUtilities/Network (7.7.0):
    - GoogleUtilities/Logger
    - "GoogleUtilities/NSData+zlib"
    - GoogleUtilities/Reachability
  - "GoogleUtilities/NSData+zlib (7.7.0)"
  - GoogleUtilities/Reachability (7.7.0):
    - GoogleUtilities/Logger
  - GoogleUtilities/UserDefaults (7.7.0):
    - GoogleUtilities/Logger
  - JWT (3.0.0-beta.14):
    - Base64 (~> 1.1.2)
  - libwebp (1.2.1):
    - libwebp/demux (= 1.2.1)
    - libwebp/mux (= 1.2.1)
    - libwebp/webp (= 1.2.1)
  - libwebp/demux (1.2.1):
    - libwebp/webp
  - libwebp/mux (1.2.1):
    - libwebp/demux
  - libwebp/webp (1.2.1)
  - nanopb (2.30908.0):
    - nanopb/decode (= 2.30908.0)
    - nanopb/encode (= 2.30908.0)
  - nanopb/decode (2.30908.0)
  - nanopb/encode (2.30908.0)
  - Permission-AppTrackingTransparency (3.2.0):
    - RNPermissions
  - PromisesObjC (2.0.0)
  - RCT-Folly (2021.06.28.00-v2):
    - boost
    - DoubleConversion
    - fmt (~> 6.2.1)
    - glog
    - RCT-Folly/Default (= 2021.06.28.00-v2)
  - RCT-Folly/Default (2021.06.28.00-v2):
    - boost
    - DoubleConversion
    - fmt (~> 6.2.1)
    - glog
  - RCTRequired (0.67.2)
  - RCTTypeSafety (0.67.2):
    - FBLazyVector (= 0.67.2)
    - RCT-Folly (= 2021.06.28.00-v2)
    - RCTRequired (= 0.67.2)
    - React-Core (= 0.67.2)
  - React (0.67.2):
    - React-Core (= 0.67.2)
    - React-Core/DevSupport (= 0.67.2)
    - React-Core/RCTWebSocket (= 0.67.2)
    - React-RCTActionSheet (= 0.67.2)
    - React-RCTAnimation (= 0.67.2)
    - React-RCTBlob (= 0.67.2)
    - React-RCTImage (= 0.67.2)
    - React-RCTLinking (= 0.67.2)
    - React-RCTNetwork (= 0.67.2)
    - React-RCTSettings (= 0.67.2)
    - React-RCTText (= 0.67.2)
    - React-RCTVibration (= 0.67.2)
  - React-callinvoker (0.67.2)
  - React-Core (0.67.2):
    - glog
    - RCT-Folly (= 2021.06.28.00-v2)
    - React-Core/Default (= 0.67.2)
    - React-cxxreact (= 0.67.2)
    - React-jsi (= 0.67.2)
    - React-jsiexecutor (= 0.67.2)
    - React-perflogger (= 0.67.2)
    - Yoga
  - React-Core/CoreModulesHeaders (0.67.2):
    - glog
    - RCT-Folly (= 2021.06.28.00-v2)
    - React-Core/Default
    - React-cxxreact (= 0.67.2)
    - React-jsi (= 0.67.2)
    - React-jsiexecutor (= 0.67.2)
    - React-perflogger (= 0.67.2)
    - Yoga
  - React-Core/Default (0.67.2):
    - glog
    - RCT-Folly (= 2021.06.28.00-v2)
    - React-cxxreact (= 0.67.2)
    - React-jsi (= 0.67.2)
    - React-jsiexecutor (= 0.67.2)
    - React-perflogger (= 0.67.2)
    - Yoga
  - React-Core/DevSupport (0.67.2):
    - glog
    - RCT-Folly (= 2021.06.28.00-v2)
    - React-Core/Default (= 0.67.2)
    - React-Core/RCTWebSocket (= 0.67.2)
    - React-cxxreact (= 0.67.2)
    - React-jsi (= 0.67.2)
    - React-jsiexecutor (= 0.67.2)
    - React-jsinspector (= 0.67.2)
    - React-perflogger (= 0.67.2)
    - Yoga
  - React-Core/RCTActionSheetHeaders (0.67.2):
    - glog
    - RCT-Folly (= 2021.06.28.00-v2)
    - React-Core/Default
    - React-cxxreact (= 0.67.2)
    - React-jsi (= 0.67.2)
    - React-jsiexecutor (= 0.67.2)
    - React-perflogger (= 0.67.2)
    - Yoga
  - React-Core/RCTAnimationHeaders (0.67.2):
    - glog
    - RCT-Folly (= 2021.06.28.00-v2)
    - React-Core/Default
    - React-cxxreact (= 0.67.2)
    - React-jsi (= 0.67.2)
    - React-jsiexecutor (= 0.67.2)
    - React-perflogger (= 0.67.2)
    - Yoga
  - React-Core/RCTBlobHeaders (0.67.2):
    - glog
    - RCT-Folly (= 2021.06.28.00-v2)
    - React-Core/Default
    - React-cxxreact (= 0.67.2)
    - React-jsi (= 0.67.2)
    - React-jsiexecutor (= 0.67.2)
    - React-perflogger (= 0.67.2)
    - Yoga
  - React-Core/RCTImageHeaders (0.67.2):
    - glog
    - RCT-Folly (= 2021.06.28.00-v2)
    - React-Core/Default
    - React-cxxreact (= 0.67.2)
    - React-jsi (= 0.67.2)
    - React-jsiexecutor (= 0.67.2)
    - React-perflogger (= 0.67.2)
    - Yoga
  - React-Core/RCTLinkingHeaders (0.67.2):
    - glog
    - RCT-Folly (= 2021.06.28.00-v2)
    - React-Core/Default
    - React-cxxreact (= 0.67.2)
    - React-jsi (= 0.67.2)
    - React-jsiexecutor (= 0.67.2)
    - React-perflogger (= 0.67.2)
    - Yoga
  - React-Core/RCTNetworkHeaders (0.67.2):
    - glog
    - RCT-Folly (= 2021.06.28.00-v2)
    - React-Core/Default
    - React-cxxreact (= 0.67.2)
    - React-jsi (= 0.67.2)
    - React-jsiexecutor (= 0.67.2)
    - React-perflogger (= 0.67.2)
    - Yoga
  - React-Core/RCTSettingsHeaders (0.67.2):
    - glog
    - RCT-Folly (= 2021.06.28.00-v2)
    - React-Core/Default
    - React-cxxreact (= 0.67.2)
    - React-jsi (= 0.67.2)
    - React-jsiexecutor (= 0.67.2)
    - React-perflogger (= 0.67.2)
    - Yoga
  - React-Core/RCTTextHeaders (0.67.2):
    - glog
    - RCT-Folly (= 2021.06.28.00-v2)
    - React-Core/Default
    - React-cxxreact (= 0.67.2)
    - React-jsi (= 0.67.2)
    - React-jsiexecutor (= 0.67.2)
    - React-perflogger (= 0.67.2)
    - Yoga
  - React-Core/RCTVibrationHeaders (0.67.2):
    - glog
    - RCT-Folly (= 2021.06.28.00-v2)
    - React-Core/Default
    - React-cxxreact (= 0.67.2)
    - React-jsi (= 0.67.2)
    - React-jsiexecutor (= 0.67.2)
    - React-perflogger (= 0.67.2)
    - Yoga
  - React-Core/RCTWebSocket (0.67.2):
    - glog
    - RCT-Folly (= 2021.06.28.00-v2)
    - React-Core/Default (= 0.67.2)
    - React-cxxreact (= 0.67.2)
    - React-jsi (= 0.67.2)
    - React-jsiexecutor (= 0.67.2)
    - React-perflogger (= 0.67.2)
    - Yoga
  - React-CoreModules (0.67.2):
    - FBReactNativeSpec (= 0.67.2)
    - RCT-Folly (= 2021.06.28.00-v2)
    - RCTTypeSafety (= 0.67.2)
    - React-Core/CoreModulesHeaders (= 0.67.2)
    - React-jsi (= 0.67.2)
    - React-RCTImage (= 0.67.2)
    - ReactCommon/turbomodule/core (= 0.67.2)
  - React-cxxreact (0.67.2):
    - boost (= 1.76.0)
    - DoubleConversion
    - glog
    - RCT-Folly (= 2021.06.28.00-v2)
    - React-callinvoker (= 0.67.2)
    - React-jsi (= 0.67.2)
    - React-jsinspector (= 0.67.2)
    - React-logger (= 0.67.2)
    - React-perflogger (= 0.67.2)
    - React-runtimeexecutor (= 0.67.2)
  - React-jsi (0.67.2):
    - boost (= 1.76.0)
    - DoubleConversion
    - glog
    - RCT-Folly (= 2021.06.28.00-v2)
    - React-jsi/Default (= 0.67.2)
  - React-jsi/Default (0.67.2):
    - boost (= 1.76.0)
    - DoubleConversion
    - glog
    - RCT-Folly (= 2021.06.28.00-v2)
  - React-jsiexecutor (0.67.2):
    - DoubleConversion
    - glog
    - RCT-Folly (= 2021.06.28.00-v2)
    - React-cxxreact (= 0.67.2)
    - React-jsi (= 0.67.2)
    - React-perflogger (= 0.67.2)
  - React-jsinspector (0.67.2)
  - React-logger (0.67.2):
    - glog
  - react-native-date-picker (3.4.3):
    - React-Core
  - react-native-fbsdk-next (6.2.0):
    - React-Core
    - react-native-fbsdk-next/Core (= 6.2.0)
    - react-native-fbsdk-next/Login (= 6.2.0)
    - react-native-fbsdk-next/Share (= 6.2.0)
  - react-native-fbsdk-next/Core (6.2.0):
    - FBSDKCoreKit (~> 12.2.1)
    - React-Core
  - react-native-fbsdk-next/Login (6.2.0):
    - FBSDKLoginKit (~> 12.2.1)
    - React-Core
  - react-native-fbsdk-next/Share (6.2.0):
    - FBSDKShareKit (~> 12.2.1)
    - React-Core
  - react-native-orientation (3.1.3):
    - React
  - react-native-safe-area (0.5.1):
    - React
  - react-native-safe-area-context (3.3.2):
    - React-Core
  - React-perflogger (0.67.2)
  - React-RCTActionSheet (0.67.2):
    - React-Core/RCTActionSheetHeaders (= 0.67.2)
  - React-RCTAnimation (0.67.2):
    - FBReactNativeSpec (= 0.67.2)
    - RCT-Folly (= 2021.06.28.00-v2)
    - RCTTypeSafety (= 0.67.2)
    - React-Core/RCTAnimationHeaders (= 0.67.2)
    - React-jsi (= 0.67.2)
    - ReactCommon/turbomodule/core (= 0.67.2)
  - React-RCTBlob (0.67.2):
    - FBReactNativeSpec (= 0.67.2)
    - RCT-Folly (= 2021.06.28.00-v2)
    - React-Core/RCTBlobHeaders (= 0.67.2)
    - React-Core/RCTWebSocket (= 0.67.2)
    - React-jsi (= 0.67.2)
    - React-RCTNetwork (= 0.67.2)
    - ReactCommon/turbomodule/core (= 0.67.2)
  - React-RCTImage (0.67.2):
    - FBReactNativeSpec (= 0.67.2)
    - RCT-Folly (= 2021.06.28.00-v2)
    - RCTTypeSafety (= 0.67.2)
    - React-Core/RCTImageHeaders (= 0.67.2)
    - React-jsi (= 0.67.2)
    - React-RCTNetwork (= 0.67.2)
    - ReactCommon/turbomodule/core (= 0.67.2)
  - React-RCTLinking (0.67.2):
    - FBReactNativeSpec (= 0.67.2)
    - React-Core/RCTLinkingHeaders (= 0.67.2)
    - React-jsi (= 0.67.2)
    - ReactCommon/turbomodule/core (= 0.67.2)
  - React-RCTNetwork (0.67.2):
    - FBReactNativeSpec (= 0.67.2)
    - RCT-Folly (= 2021.06.28.00-v2)
    - RCTTypeSafety (= 0.67.2)
    - React-Core/RCTNetworkHeaders (= 0.67.2)
    - React-jsi (= 0.67.2)
    - ReactCommon/turbomodule/core (= 0.67.2)
  - React-RCTSettings (0.67.2):
    - FBReactNativeSpec (= 0.67.2)
    - RCT-Folly (= 2021.06.28.00-v2)
    - RCTTypeSafety (= 0.67.2)
    - React-Core/RCTSettingsHeaders (= 0.67.2)
    - React-jsi (= 0.67.2)
    - ReactCommon/turbomodule/core (= 0.67.2)
  - React-RCTText (0.67.2):
    - React-Core/RCTTextHeaders (= 0.67.2)
  - React-RCTVibration (0.67.2):
    - FBReactNativeSpec (= 0.67.2)
    - RCT-Folly (= 2021.06.28.00-v2)
    - React-Core/RCTVibrationHeaders (= 0.67.2)
    - React-jsi (= 0.67.2)
    - ReactCommon/turbomodule/core (= 0.67.2)
  - React-runtimeexecutor (0.67.2):
    - React-jsi (= 0.67.2)
  - ReactCommon/turbomodule/core (0.67.2):
    - DoubleConversion
    - glog
    - RCT-Folly (= 2021.06.28.00-v2)
    - React-callinvoker (= 0.67.2)
    - React-Core (= 0.67.2)
    - React-cxxreact (= 0.67.2)
    - React-jsi (= 0.67.2)
    - React-logger (= 0.67.2)
    - React-perflogger (= 0.67.2)
  - ReactNativeART (1.2.0):
    - React
  - RNCAsyncStorage (1.12.1):
    - React-Core
  - RNCMaskedView (0.1.11):
    - React
  - RNCPushNotificationIOS (1.10.1):
    - React-Core
  - RNFastImage (8.5.11):
    - React-Core
    - SDWebImage (~> 5.11.1)
    - SDWebImageWebPCoder (~> 0.8.4)
  - RNFBAnalytics (13.1.1):
    - Firebase/Analytics (= 8.10.0)
    - React-Core
    - RNFBApp
  - RNFBApp (13.1.1):
    - Firebase/CoreOnly (= 8.10.0)
    - React-Core
  - RNFBCrashlytics (13.1.1):
    - Firebase/Crashlytics (= 8.10.0)
    - React-Core
    - RNFBApp
  - RNFBMessaging (13.1.1):
    - Firebase/Messaging (= 8.10.0)
    - React-Core
    - RNFBApp
  - RNGestureHandler (1.10.3):
    - React-Core
  - RNI18n (2.0.15):
    - React
  - RNImageCropPicker (0.36.4):
    - React-Core
    - React-RCTImage
    - RNImageCropPicker/QBImagePickerController (= 0.36.4)
    - TOCropViewController
  - RNImageCropPicker/QBImagePickerController (0.36.4):
    - React-Core
    - React-RCTImage
    - TOCropViewController
  - RNPermissions (3.2.0):
    - React-Core
  - RNReanimated (1.13.3):
    - React-Core
  - RNScreens (2.18.1):
    - React-Core
  - RNSVG (12.1.1):
    - React
  - RNVectorIcons (8.1.0):
    - React-Core
  - SDWebImage (5.11.1):
    - SDWebImage/Core (= 5.11.1)
  - SDWebImage/Core (5.11.1)
  - SDWebImageWebPCoder (0.8.4):
    - libwebp (~> 1.0)
    - SDWebImage/Core (~> 5.10)
  - SSZipArchive (2.2.3)
  - TOCropViewController (2.6.1)
  - Yoga (1.14.0)

DEPENDENCIES:
  - appcenter-analytics (from `../node_modules/appcenter-analytics/ios`)
  - appcenter-core (from `../node_modules/appcenter/ios`)
  - appcenter-crashes (from `../node_modules/appcenter-crashes/ios`)
  - boost (from `../node_modules/react-native/third-party-podspecs/boost.podspec`)
  - CodePush (from `../node_modules/react-native-code-push`)
  - DoubleConversion (from `../node_modules/react-native/third-party-podspecs/DoubleConversion.podspec`)
  - FBLazyVector (from `../node_modules/react-native/Libraries/FBLazyVector`)
  - FBReactNativeSpec (from `../node_modules/react-native/React/FBReactNativeSpec`)
  - Firebase/Analytics
  - glog (from `../node_modules/react-native/third-party-podspecs/glog.podspec`)
  - Permission-AppTrackingTransparency (from `../node_modules/react-native-permissions/ios/AppTrackingTransparency`)
  - RCT-Folly (from `../node_modules/react-native/third-party-podspecs/RCT-Folly.podspec`)
  - RCTRequired (from `../node_modules/react-native/Libraries/RCTRequired`)
  - RCTTypeSafety (from `../node_modules/react-native/Libraries/TypeSafety`)
  - React (from `../node_modules/react-native/`)
  - React-callinvoker (from `../node_modules/react-native/ReactCommon/callinvoker`)
  - React-Core (from `../node_modules/react-native/`)
  - React-Core/DevSupport (from `../node_modules/react-native/`)
  - React-Core/RCTWebSocket (from `../node_modules/react-native/`)
  - React-CoreModules (from `../node_modules/react-native/React/CoreModules`)
  - React-cxxreact (from `../node_modules/react-native/ReactCommon/cxxreact`)
  - React-jsi (from `../node_modules/react-native/ReactCommon/jsi`)
  - React-jsiexecutor (from `../node_modules/react-native/ReactCommon/jsiexecutor`)
  - React-jsinspector (from `../node_modules/react-native/ReactCommon/jsinspector`)
  - React-logger (from `../node_modules/react-native/ReactCommon/logger`)
  - react-native-date-picker (from `../node_modules/react-native-date-picker`)
  - react-native-fbsdk-next (from `../node_modules/react-native-fbsdk-next`)
  - react-native-orientation (from `../node_modules/react-native-orientation`)
  - react-native-safe-area (from `../node_modules/react-native-safe-area`)
  - react-native-safe-area-context (from `../node_modules/react-native-safe-area-context`)
  - React-perflogger (from `../node_modules/react-native/ReactCommon/reactperflogger`)
  - React-RCTActionSheet (from `../node_modules/react-native/Libraries/ActionSheetIOS`)
  - React-RCTAnimation (from `../node_modules/react-native/Libraries/NativeAnimation`)
  - React-RCTBlob (from `../node_modules/react-native/Libraries/Blob`)
  - React-RCTImage (from `../node_modules/react-native/Libraries/Image`)
  - React-RCTLinking (from `../node_modules/react-native/Libraries/LinkingIOS`)
  - React-RCTNetwork (from `../node_modules/react-native/Libraries/Network`)
  - React-RCTSettings (from `../node_modules/react-native/Libraries/Settings`)
  - React-RCTText (from `../node_modules/react-native/Libraries/Text`)
  - React-RCTVibration (from `../node_modules/react-native/Libraries/Vibration`)
  - React-runtimeexecutor (from `../node_modules/react-native/ReactCommon/runtimeexecutor`)
  - ReactCommon/turbomodule/core (from `../node_modules/react-native/ReactCommon`)
  - "ReactNativeART (from `../node_modules/@react-native-community/art`)"
  - "RNCAsyncStorage (from `../node_modules/@react-native-community/async-storage`)"
  - "RNCMaskedView (from `../node_modules/@react-native-community/masked-view`)"
  - "RNCPushNotificationIOS (from `../node_modules/@react-native-community/push-notification-ios`)"
  - RNFastImage (from `../node_modules/react-native-fast-image`)
  - "RNFBAnalytics (from `../node_modules/@react-native-firebase/analytics`)"
  - "RNFBApp (from `../node_modules/@react-native-firebase/app`)"
  - "RNFBCrashlytics (from `../node_modules/@react-native-firebase/crashlytics`)"
  - "RNFBMessaging (from `../node_modules/@react-native-firebase/messaging`)"
  - RNGestureHandler (from `../node_modules/react-native-gesture-handler`)
  - RNI18n (from `../node_modules/react-native-i18n`)
  - RNImageCropPicker (from `../node_modules/react-native-image-crop-picker`)
  - RNPermissions (from `../node_modules/react-native-permissions`)
  - RNReanimated (from `../node_modules/react-native-reanimated`)
  - RNScreens (from `../node_modules/react-native-screens`)
  - RNSVG (from `../node_modules/react-native-svg`)
  - RNVectorIcons (from `../node_modules/react-native-vector-icons`)
  - Yoga (from `../node_modules/react-native/ReactCommon/yoga`)

SPEC REPOS:
  https://github.com/CocoaPods/Specs.git:
    - AppCenter
    - AppCenterReactNativeShared
    - Base64
    - FBAEMKit
    - FBSDKCoreKit
    - FBSDKCoreKit_Basics
    - FBSDKLoginKit
    - FBSDKShareKit
    - Firebase
    - FirebaseAnalytics
    - FirebaseCore
    - FirebaseCoreDiagnostics
    - FirebaseCrashlytics
    - FirebaseInstallations
    - FirebaseMessaging
    - fmt
    - GoogleAppMeasurement
    - GoogleDataTransport
    - GoogleUtilities
    - JWT
    - libwebp
    - nanopb
    - PromisesObjC
    - SDWebImage
    - SDWebImageWebPCoder
    - SSZipArchive
    - TOCropViewController

EXTERNAL SOURCES:
  appcenter-analytics:
    :path: "../node_modules/appcenter-analytics/ios"
  appcenter-core:
    :path: "../node_modules/appcenter/ios"
  appcenter-crashes:
    :path: "../node_modules/appcenter-crashes/ios"
  boost:
    :podspec: "../node_modules/react-native/third-party-podspecs/boost.podspec"
  CodePush:
    :path: "../node_modules/react-native-code-push"
  DoubleConversion:
    :podspec: "../node_modules/react-native/third-party-podspecs/DoubleConversion.podspec"
  FBLazyVector:
    :path: "../node_modules/react-native/Libraries/FBLazyVector"
  FBReactNativeSpec:
    :path: "../node_modules/react-native/React/FBReactNativeSpec"
  glog:
    :podspec: "../node_modules/react-native/third-party-podspecs/glog.podspec"
  Permission-AppTrackingTransparency:
    :path: "../node_modules/react-native-permissions/ios/AppTrackingTransparency"
  RCT-Folly:
    :podspec: "../node_modules/react-native/third-party-podspecs/RCT-Folly.podspec"
  RCTRequired:
    :path: "../node_modules/react-native/Libraries/RCTRequired"
  RCTTypeSafety:
    :path: "../node_modules/react-native/Libraries/TypeSafety"
  React:
    :path: "../node_modules/react-native/"
  React-callinvoker:
    :path: "../node_modules/react-native/ReactCommon/callinvoker"
  React-Core:
    :path: "../node_modules/react-native/"
  React-CoreModules:
    :path: "../node_modules/react-native/React/CoreModules"
  React-cxxreact:
    :path: "../node_modules/react-native/ReactCommon/cxxreact"
  React-jsi:
    :path: "../node_modules/react-native/ReactCommon/jsi"
  React-jsiexecutor:
    :path: "../node_modules/react-native/ReactCommon/jsiexecutor"
  React-jsinspector:
    :path: "../node_modules/react-native/ReactCommon/jsinspector"
  React-logger:
    :path: "../node_modules/react-native/ReactCommon/logger"
  react-native-date-picker:
    :path: "../node_modules/react-native-date-picker"
  react-native-fbsdk-next:
    :path: "../node_modules/react-native-fbsdk-next"
  react-native-orientation:
    :path: "../node_modules/react-native-orientation"
  react-native-safe-area:
    :path: "../node_modules/react-native-safe-area"
  react-native-safe-area-context:
    :path: "../node_modules/react-native-safe-area-context"
  React-perflogger:
    :path: "../node_modules/react-native/ReactCommon/reactperflogger"
  React-RCTActionSheet:
    :path: "../node_modules/react-native/Libraries/ActionSheetIOS"
  React-RCTAnimation:
    :path: "../node_modules/react-native/Libraries/NativeAnimation"
  React-RCTBlob:
    :path: "../node_modules/react-native/Libraries/Blob"
  React-RCTImage:
    :path: "../node_modules/react-native/Libraries/Image"
  React-RCTLinking:
    :path: "../node_modules/react-native/Libraries/LinkingIOS"
  React-RCTNetwork:
    :path: "../node_modules/react-native/Libraries/Network"
  React-RCTSettings:
    :path: "../node_modules/react-native/Libraries/Settings"
  React-RCTText:
    :path: "../node_modules/react-native/Libraries/Text"
  React-RCTVibration:
    :path: "../node_modules/react-native/Libraries/Vibration"
  React-runtimeexecutor:
    :path: "../node_modules/react-native/ReactCommon/runtimeexecutor"
  ReactCommon:
    :path: "../node_modules/react-native/ReactCommon"
  ReactNativeART:
    :path: "../node_modules/@react-native-community/art"
  RNCAsyncStorage:
    :path: "../node_modules/@react-native-community/async-storage"
  RNCMaskedView:
    :path: "../node_modules/@react-native-community/masked-view"
  RNCPushNotificationIOS:
    :path: "../node_modules/@react-native-community/push-notification-ios"
  RNFastImage:
    :path: "../node_modules/react-native-fast-image"
  RNFBAnalytics:
    :path: "../node_modules/@react-native-firebase/analytics"
  RNFBApp:
    :path: "../node_modules/@react-native-firebase/app"
  RNFBCrashlytics:
    :path: "../node_modules/@react-native-firebase/crashlytics"
  RNFBMessaging:
    :path: "../node_modules/@react-native-firebase/messaging"
  RNGestureHandler:
    :path: "../node_modules/react-native-gesture-handler"
  RNI18n:
    :path: "../node_modules/react-native-i18n"
  RNImageCropPicker:
    :path: "../node_modules/react-native-image-crop-picker"
  RNPermissions:
    :path: "../node_modules/react-native-permissions"
  RNReanimated:
    :path: "../node_modules/react-native-reanimated"
  RNScreens:
    :path: "../node_modules/react-native-screens"
  RNSVG:
    :path: "../node_modules/react-native-svg"
  RNVectorIcons:
    :path: "../node_modules/react-native-vector-icons"
  Yoga:
    :path: "../node_modules/react-native/ReactCommon/yoga"

SPEC CHECKSUMS:
  AppCenter: b0b6f1190215b5f983c42934db718f3b46fff3c0
  appcenter-analytics: 1b32062da2e250c5e1396c678df8c6011ccbcf5a
  appcenter-core: 6ea4754df4a3d8917a5803e2681a58179d7f7a21
  appcenter-crashes: b079913ac0f0059e6cf39b7a805135223e508666
  AppCenterReactNativeShared: ac6961204492735ce2507df0a14ce59b13e9c1c5
  Base64: cecfb41a004124895a7bcee567a89bae5a89d49b
  boost: a7c83b31436843459a1961bfd74b96033dc77234
  CodePush: b51b7ac64c07d4eacfc8cc5750a1dd28adbf2528
  DoubleConversion: 831926d9b8bf8166fd87886c4abab286c2422662
  FBAEMKit: 4cea610d0bc1680572f2aad7b25db7a2f2690d82
  FBLazyVector: 244195e30d63d7f564c55da4410b9a24e8fbceaa
  FBReactNativeSpec: c94002c1d93da3658f4d5119c6994d19961e3d52
  FBSDKCoreKit: 5b1992fe65802ca26be7e68bc4fac5f59fa39908
  FBSDKCoreKit_Basics: a6a92ca628e05f86f458a4721574c5ddfb058ba3
  FBSDKLoginKit: 7467b7f988ca4fdf48f12a839bcfce4264752429
  FBSDKShareKit: 25fe0e2cd0811918e5b5b1603cb3fc580154cc48
  Firebase: 44213362f1dcc52555b935dc925ed35ac55f1b20
  FirebaseAnalytics: 319c9b3b1bdd400d60e2f415dff0c5f6959e6760
  FirebaseCore: 04186597c095da37d90ff9fd3e53bc61a1ff2440
  FirebaseCoreDiagnostics: 3b40dfadef5b90433a60ae01f01e90fe87aa76aa
  FirebaseCrashlytics: 3b7f17cdf5bf1ae6ad5956696a6c26edeb39cca7
  FirebaseInstallations: 25764cf322e77f99449395870a65b2bef88e1545
  FirebaseMessaging: b0aeba17332ee1ee610662b4d1e02a86db82f08f
  fmt: ff9d55029c625d3757ed641535fd4a75fedc7ce9
  glog: 85ecdd10ee8d8ec362ef519a6a45ff9aa27b2e85
  GoogleAppMeasurement: a3311dbcf3ea651e5a070fe8559b57c174ada081
  GoogleDataTransport: 629c20a4d363167143f30ea78320d5a7eb8bd940
  GoogleUtilities: e0913149f6b0625b553d70dae12b49fc62914fd1
  JWT: ef71dfb03e1f842081e64dc42eef0e164f35d251
  libwebp: 98a37e597e40bfdb4c911fc98f2c53d0b12d05fc
  nanopb: a0ba3315591a9ae0a16a309ee504766e90db0c96
  Permission-AppTrackingTransparency: 95c9308dd40819fa9f6830751d0ef3ea11498723
  PromisesObjC: 68159ce6952d93e17b2dfe273b8c40907db5ba58
  RCT-Folly: 803a9cfd78114b2ec0f140cfa6fa2a6bafb2d685
  RCTRequired: cd47794163052d2b8318c891a7a14fcfaccc75ab
  RCTTypeSafety: 393bb40b3e357b224cde53d3fec26813c52428b1
  React: dec6476bc27155b250eeadfc11ea779265f53ebf
  React-callinvoker: e5047929e80aea942e6fdd96482504ef0189ca63
  React-Core: e382655566b2b9a6e3b4f641d777b7bfdbe52358
  React-CoreModules: cf262e82fa101c0aee022b6f90d1a5b612038b64
  React-cxxreact: 69d53de3b30c7c161ba087ca1ecdffed9ccb1039
  React-jsi: ce9a2d804adf75809ce2fe2374ba3fbbf5d59b03
  React-jsiexecutor: 52beb652bbc61201bd70cbe4f0b8edb607e8da4f
  React-jsinspector: 595f76eba2176ebd8817a1fffd47b84fbdab9383
  React-logger: 23de8ea0f44fa00ee77e96060273225607fd4d78
  react-native-date-picker: 201b481c94dcb7678f4712477ad026dd7793305b
  react-native-fbsdk-next: 3a9545d174f16ec343e7bcaf12f970fdc82feed2
  react-native-orientation: f1caf84d65f1a4fd4511a18f2b924e634ad7a628
  react-native-safe-area: e8230b0017d76c00de6b01e2412dcf86b127c6a3
  react-native-safe-area-context: 584dc04881deb49474363f3be89e4ca0e854c057
  React-perflogger: 3c9bb7372493e49036f07a82c44c8cf65cbe88db
  React-RCTActionSheet: 052606483045a408693aa7e864410b4a052f541a
  React-RCTAnimation: 08d4cac13222bb1348c687a0158dfd3b577cdb63
  React-RCTBlob: 928ad1df65219c3d9e2ac80983b943a75b5c3629
  React-RCTImage: 524d7313b142a39ee0e20fa312b67277917fe076
  React-RCTLinking: 44036ea6f13a2e46238be07a67566247fee35244
  React-RCTNetwork: 9b6faacf1e0789253e319ca53b1f8d92c2ac5455
  React-RCTSettings: ecd8094f831130a49581d5112a8607220e5d12a5
  React-RCTText: 14ba976fb48ed283cfdb1a754a5d4276471e0152
  React-RCTVibration: 99c7f67fba7a5ade46e98e870c6ff2444484f995
  React-runtimeexecutor: 2450b43df7ffe8e805a0b3dcb2abd4282f1f1836
  ReactCommon: d98c6c96b567f9b3a15f9fd4cc302c1eda8e3cf2
  ReactNativeART: 78edc68dd4a1e675338cd0cd113319cf3a65f2ab
  RNCAsyncStorage: b03032fdbdb725bea0bd9e5ec5a7272865ae7398
  RNCMaskedView: 0e1bc4bfa8365eba5fbbb71e07fbdc0555249489
  RNCPushNotificationIOS: 87b8d16d3ede4532745e05b03c42cff33a36cc45
  RNFastImage: 1f2cab428712a4baaf78d6169eaec7f622556dd7
  RNFBAnalytics: 9337a84539ea8497409a8c1db1c301dc1b2b3858
  RNFBApp: 6e20f07b316346d96737191f377777f61f51a8d2
  RNFBCrashlytics: 649e0fa724d807362cb4265069fea98b2960c46b
  RNFBMessaging: eb8d1b08795c8718706007ed0743732d00e1acc4
  RNGestureHandler: a479ebd5ed4221a810967000735517df0d2db211
  RNI18n: e2f7e76389fcc6e84f2c8733ea89b92502351fd8
  RNImageCropPicker: 73891a709e6fd8a47d32104d942757971f220aee
  RNPermissions: f7ebe52db07c00901127966ca080b4ec6a6ceb0a
  RNReanimated: 514a11da3a2bcc6c3dfd9de32b38e2b9bf101926
  RNScreens: f7ad633b2e0190b77b6a7aab7f914fad6f198d8d
  RNSVG: 551acb6562324b1d52a4e0758f7ca0ec234e278f
  RNVectorIcons: 31cebfcf94e8cf8686eb5303ae0357da64d7a5a4
  SDWebImage: a7f831e1a65eb5e285e3fb046a23fcfbf08e696d
  SDWebImageWebPCoder: f93010f3f6c031e2f8fb3081ca4ee6966c539815
  SSZipArchive: 62d4947b08730e4cda640473b0066d209ff033c9
  TOCropViewController: edfd4f25713d56905ad1e0b9f5be3fbe0f59c863
  Yoga: 9b6696970c3289e8dea34b3eda93f23e61fb8121

PODFILE CHECKSUM: b372da1ec8422b2128dcc8da781b7bdc08f02c7f

COCOAPODS: 1.11.2
