# THIS IS AN AUTOGENERATED FILE. DO NOT EDIT THIS FILE DIRECTLY.
# yarn lockfile v1


react-native-toast-notifications@^3.3.1:
  version "3.3.1"
  resolved "https://registry.yarnpkg.com/react-native-toast-notifications/-/react-native-toast-notifications-3.3.1.tgz#c3d6f3b63a4df81c2912560d27878ea056672981"
  integrity sha512-yc1Q2nOdIYvAf0GAIlmg8q42hiwpEHnLxkxJ6P+tN6jpcKZ1qzMXlgnmNdyF9cm9VOyHQexEP8952IKNAv1Olw==
