# THIS IS AN AUTOGENERATED FILE. DO NOT EDIT THIS FILE DIRECTLY.
# yarn lockfile v1


"@persian-tools/persian-tools@^3.3.0":
  version "3.3.0"
  resolved "https://registry.yarnpkg.com/@persian-tools/persian-tools/-/persian-tools-3.3.0.tgz#82e134db16832dba0e0e7590412eb3a9f15dd8af"
  integrity sha512-2BcRumbS7f/cSQwDREzHAmkHJNH54P2WN76ooP0xydVMD3JaMDjrgWZjO+jmAESJ7/jgy6QWRlaAc/6r6DMB1w==
  dependencies:
    fastest-levenshtein "^1.0.12"

fastest-levenshtein@^1.0.12:
  version "1.0.12"
  resolved "https://registry.yarnpkg.com/fastest-levenshtein/-/fastest-levenshtein-1.0.12.tgz#9990f7d3a88cc5a9ffd1f1745745251700d497e2"
  integrity sha512-On2N+BpYJ15xIC974QNVuYGMOlEVt4s0EOI3wwMqOmK1fdDY+FN/zltPV8vosq4ad4c/gJ1KHScUn/6AWIgiow==
