// !$*UTF8*$!
{
	archiveVersion = 1;
	classes = {
	};
	objectVersion = 54;
	objects = {

/* Begin PBXBuildFile section */
		00E356F31AD99517003FC87E /* startReactNativeTests.m in Sources */ = {isa = PBXBuildFile; fileRef = 00E356F21AD99517003FC87E /* startReactNativeTests.m */; };
		047EA0F3AFB841F1B26C0D4D /* SFUIText-Bold.ttf in Resources */ = {isa = PBXBuildFile; fileRef = DA6EFBF66274475AAF25A369 /* SFUIText-Bold.ttf */; };
		12372AA568F74529B520FD55 /* Poppins-Bold.ttf in Resources */ = {isa = PBXBuildFile; fileRef = 9175A2F10961476DB64CA006 /* Poppins-Bold.ttf */; };
		13B07FBC1A68108700A75B9A /* AppDelegate.mm in Sources */ = {isa = PBXBuildFile; fileRef = 13B07FB01A68108700A75B9A /* AppDelegate.mm */; };
		13B07FBF1A68108700A75B9A /* Images.xcassets in Resources */ = {isa = PBXBuildFile; fileRef = 13B07FB51A68108700A75B9A /* Images.xcassets */; };
		13B07FC11A68108700A75B9A /* main.m in Sources */ = {isa = PBXBuildFile; fileRef = 13B07FB71A68108700A75B9A /* main.m */; };
		13E24D0A06F9459C8A297C38 /* Poppins-Italic.ttf in Resources */ = {isa = PBXBuildFile; fileRef = 2C077C22D029406F92F7E2CD /* Poppins-Italic.ttf */; };
		165233A431D54FA79B8AC701 /* Poppins-Light.ttf in Resources */ = {isa = PBXBuildFile; fileRef = B9349C66FF9E4BBFAC6D1701 /* Poppins-Light.ttf */; };
		1C6F9FE5C06345F9A9B042FD /* Poppins-MediumItalic.ttf in Resources */ = {isa = PBXBuildFile; fileRef = A05EEA1C1BCE4568A6693CE8 /* Poppins-MediumItalic.ttf */; };
		3145C90A89084AEDB4B9A9F9 /* Poppins-SemiBold.ttf in Resources */ = {isa = PBXBuildFile; fileRef = EE93D9615D4547B28FF93712 /* Poppins-SemiBold.ttf */; };
		37816EDEE5F844C2BF484720 /* Poppins-Medium.ttf in Resources */ = {isa = PBXBuildFile; fileRef = 2BDDE4C7E112414BA34F3F25 /* Poppins-Medium.ttf */; };
		38504BCAFA1D47209F10C7A7 /* SFUIText-Semibold.ttf in Resources */ = {isa = PBXBuildFile; fileRef = 6B79ACF635A74D4C8BE952F1 /* SFUIText-Semibold.ttf */; };
		39F821BD5E8F45ACA57C97A8 /* Poppins-Thin.ttf in Resources */ = {isa = PBXBuildFile; fileRef = 59A94344536E4071AD5E0450 /* Poppins-Thin.ttf */; };
		3E8E2FD3C6E1426D8A10A7CC /* Poppins-Black.ttf in Resources */ = {isa = PBXBuildFile; fileRef = 008EDA4FD58241EEA648E6D6 /* Poppins-Black.ttf */; };
		4088C015E6104AD1A7CB1DD3 /* Poppins-LightItalic.ttf in Resources */ = {isa = PBXBuildFile; fileRef = FCED79AE1721405894ACD718 /* Poppins-LightItalic.ttf */; };
		41F80E10FA504763BFF1CDF2 /* SFUIText-MediumItalic.ttf in Resources */ = {isa = PBXBuildFile; fileRef = ED63E3F4931445C88F26F352 /* SFUIText-MediumItalic.ttf */; };
		45CD03D3C40246CBB438E2B2 /* SFUIText-Light.ttf in Resources */ = {isa = PBXBuildFile; fileRef = BB01883601EA4DBF896E1056 /* SFUIText-Light.ttf */; };
		4BCF30A07D954962B5D21EFF /* Poppins-ExtraBoldItalic.ttf in Resources */ = {isa = PBXBuildFile; fileRef = D7EBD99641414F45A719CACB /* Poppins-ExtraBoldItalic.ttf */; };
		4D09F10294BB490699EA48AC /* SFUIText-LightItalic.ttf in Resources */ = {isa = PBXBuildFile; fileRef = 069DB484EA0D43A59F00F7CB /* SFUIText-LightItalic.ttf */; };
		54277F5ECA2F4ECB81B5CFAB /* Poppins-ThinItalic.ttf in Resources */ = {isa = PBXBuildFile; fileRef = 98D24B54129044908AFD7D18 /* Poppins-ThinItalic.ttf */; };
		616CA987C8AC4D8AA18AD478 /* SFUIText-HeavyItalic.ttf in Resources */ = {isa = PBXBuildFile; fileRef = 1DCB111EC954424AB9C88AB9 /* SFUIText-HeavyItalic.ttf */; };
		6698A76064BC4C868CABC69C /* Poppins-BoldItalic.ttf in Resources */ = {isa = PBXBuildFile; fileRef = DD9B2F388EFA42B58112CEAC /* Poppins-BoldItalic.ttf */; };
		6932C0476E784F3AA51AEDEE /* Cairo-Regular.ttf in Resources */ = {isa = PBXBuildFile; fileRef = 38DF5E199A51439BA1BEDCD3 /* Cairo-Regular.ttf */; };
		81AB9BB82411601600AC10FF /* LaunchScreen.storyboard in Resources */ = {isa = PBXBuildFile; fileRef = 81AB9BB72411601600AC10FF /* LaunchScreen.storyboard */; };
		81C0C58CF701462E800F1FA3 /* Cairo-ExtraLight.ttf in Resources */ = {isa = PBXBuildFile; fileRef = 4916B6CB73784FD0B9CCB9B3 /* Cairo-ExtraLight.ttf */; };
		8F82035B6458421098871438 /* SFUIText-SemiboldItalic.ttf in Resources */ = {isa = PBXBuildFile; fileRef = 0A7D61392BB14381B4DE402B /* SFUIText-SemiboldItalic.ttf */; };
		95C88132247C4506AEB115EF /* Cairo.ttf in Resources */ = {isa = PBXBuildFile; fileRef = FD37120E9A604DA985639792 /* Cairo.ttf */; };
		9B0F9C1C29D728EC0004DB80 /* File.swift in Sources */ = {isa = PBXBuildFile; fileRef = 9B0F9C1B29D728EC0004DB80 /* File.swift */; };
		9BB92FAD29D6050000DF5F1F /* GoogleService-Info.plist in Resources */ = {isa = PBXBuildFile; fileRef = 9BB92FAC29D6050000DF5F1F /* GoogleService-Info.plist */; };
		9BB92FAE29D6050000DF5F1F /* GoogleService-Info.plist in Resources */ = {isa = PBXBuildFile; fileRef = 9BB92FAC29D6050000DF5F1F /* GoogleService-Info.plist */; };
		9D73DE8A10564363A5487023 /* SFUIText-Heavy.ttf in Resources */ = {isa = PBXBuildFile; fileRef = 9B33CE1DA90B4EE8BDE1417B /* SFUIText-Heavy.ttf */; };
		A5C623F8D23D434595D48275 /* Poppins-ExtraLightItalic.ttf in Resources */ = {isa = PBXBuildFile; fileRef = 958FB66A787F4FBC918BD6D5 /* Poppins-ExtraLightItalic.ttf */; };
		AC44C0324ED741139D3E9680 /* Poppins-SemiBoldItalic.ttf in Resources */ = {isa = PBXBuildFile; fileRef = 2EB5E4D5A0FE47CB83726982 /* Poppins-SemiBoldItalic.ttf */; };
		BD3B5E5320E449C98D175480 /* Cairo-SemiBold.ttf in Resources */ = {isa = PBXBuildFile; fileRef = E05EA633C72E4DB19E986152 /* Cairo-SemiBold.ttf */; };
		C284CA7212494CFEAAC2AEB2 /* SFUIText-Regular.ttf in Resources */ = {isa = PBXBuildFile; fileRef = CA773030594A48018E27B9C3 /* SFUIText-Regular.ttf */; };
		C58F6334533A403287BB007D /* SFUIText-RegularItalic.ttf in Resources */ = {isa = PBXBuildFile; fileRef = 6EAE0110DD174C7BA46FC7CB /* SFUIText-RegularItalic.ttf */; };
		C5B672F8CD68486AAD175745 /* Cairo-Black.ttf in Resources */ = {isa = PBXBuildFile; fileRef = 7AB8A5C871EE4F3CA33C5621 /* Cairo-Black.ttf */; };
		C7AE036186E7C8C44F62982C /* Pods_startReactNative_startReactNativeTests.framework in Frameworks */ = {isa = PBXBuildFile; fileRef = E6B77B18E10D0778EFA44D5C /* Pods_startReactNative_startReactNativeTests.framework */; };
		D06AC9FB058848C083579220 /* Cairo-Light.ttf in Resources */ = {isa = PBXBuildFile; fileRef = A57BC8F350114993BA799D45 /* Cairo-Light.ttf */; };
		D6BA1FBCE71745B9838672CC /* Cairo-Bold.ttf in Resources */ = {isa = PBXBuildFile; fileRef = 65612B8D8F484E62B55145C9 /* Cairo-Bold.ttf */; };
		DDDC13227AED4338B98DA820 /* Poppins-BlackItalic.ttf in Resources */ = {isa = PBXBuildFile; fileRef = F5E54A1710E54AE09F9F1171 /* Poppins-BlackItalic.ttf */; };
		E161D5F368B84313A81E9A13 /* Poppins-ExtraBold.ttf in Resources */ = {isa = PBXBuildFile; fileRef = FC19E460222745B6A43E6305 /* Poppins-ExtraBold.ttf */; };
		E5BB7204BE1F4638B42CCF4B /* Poppins-Regular.ttf in Resources */ = {isa = PBXBuildFile; fileRef = 5E8CE186DDC349BCAB637405 /* Poppins-Regular.ttf */; };
		F029AA30822BBE117CA2590D /* Pods_startReactNative.framework in Frameworks */ = {isa = PBXBuildFile; fileRef = 7AC204F6E411090B86B6FEA1 /* Pods_startReactNative.framework */; };
		F9AE488B704048C4AF6BBA46 /* SFUIText-Medium.ttf in Resources */ = {isa = PBXBuildFile; fileRef = 25F9AF082F844691A9CB2FFB /* SFUIText-Medium.ttf */; };
		FBB10954F435464E92000359 /* Poppins-ExtraLight.ttf in Resources */ = {isa = PBXBuildFile; fileRef = 6435C26E3FA24E688751B402 /* Poppins-ExtraLight.ttf */; };
		FD93D2C937AB4906820F3E94 /* SFUIText-BoldItalic.ttf in Resources */ = {isa = PBXBuildFile; fileRef = B0577CEC58A34E568DFFD44A /* SFUIText-BoldItalic.ttf */; };
/* End PBXBuildFile section */

/* Begin PBXContainerItemProxy section */
		00E356F41AD99517003FC87E /* PBXContainerItemProxy */ = {
			isa = PBXContainerItemProxy;
			containerPortal = 83CBB9F71A601CBA00E9B192 /* Project object */;
			proxyType = 1;
			remoteGlobalIDString = 13B07F861A680F5B00A75B9A;
			remoteInfo = startReactNative;
		};
/* End PBXContainerItemProxy section */

/* Begin PBXFileReference section */
		008EDA4FD58241EEA648E6D6 /* Poppins-Black.ttf */ = {isa = PBXFileReference; explicitFileType = undefined; fileEncoding = 9; includeInIndex = 0; lastKnownFileType = unknown; name = "Poppins-Black.ttf"; path = "../src/assets/Fonts/Poppins/Poppins-Black.ttf"; sourceTree = "<group>"; };
		00E356EE1AD99517003FC87E /* startReactNativeTests.xctest */ = {isa = PBXFileReference; explicitFileType = wrapper.cfbundle; includeInIndex = 0; path = startReactNativeTests.xctest; sourceTree = BUILT_PRODUCTS_DIR; };
		00E356F11AD99517003FC87E /* Info.plist */ = {isa = PBXFileReference; lastKnownFileType = text.plist.xml; path = Info.plist; sourceTree = "<group>"; };
		00E356F21AD99517003FC87E /* startReactNativeTests.m */ = {isa = PBXFileReference; lastKnownFileType = sourcecode.c.objc; path = startReactNativeTests.m; sourceTree = "<group>"; };
		069DB484EA0D43A59F00F7CB /* SFUIText-LightItalic.ttf */ = {isa = PBXFileReference; explicitFileType = undefined; fileEncoding = 9; includeInIndex = 0; lastKnownFileType = unknown; name = "SFUIText-LightItalic.ttf"; path = "../src/assets/Fonts/SFUI/SFUIText-LightItalic.ttf"; sourceTree = "<group>"; };
		0A7D61392BB14381B4DE402B /* SFUIText-SemiboldItalic.ttf */ = {isa = PBXFileReference; explicitFileType = undefined; fileEncoding = 9; includeInIndex = 0; lastKnownFileType = unknown; name = "SFUIText-SemiboldItalic.ttf"; path = "../src/assets/Fonts/SFUI/SFUIText-SemiboldItalic.ttf"; sourceTree = "<group>"; };
		13B07F961A680F5B00A75B9A /* startReactNative.app */ = {isa = PBXFileReference; explicitFileType = wrapper.application; includeInIndex = 0; path = startReactNative.app; sourceTree = BUILT_PRODUCTS_DIR; };
		13B07FAF1A68108700A75B9A /* AppDelegate.h */ = {isa = PBXFileReference; fileEncoding = 4; lastKnownFileType = sourcecode.c.h; name = AppDelegate.h; path = startReactNative/AppDelegate.h; sourceTree = "<group>"; };
		13B07FB01A68108700A75B9A /* AppDelegate.mm */ = {isa = PBXFileReference; fileEncoding = 4; lastKnownFileType = sourcecode.cpp.objcpp; name = AppDelegate.mm; path = startReactNative/AppDelegate.mm; sourceTree = "<group>"; };
		13B07FB51A68108700A75B9A /* Images.xcassets */ = {isa = PBXFileReference; lastKnownFileType = folder.assetcatalog; name = Images.xcassets; path = startReactNative/Images.xcassets; sourceTree = "<group>"; };
		13B07FB61A68108700A75B9A /* Info.plist */ = {isa = PBXFileReference; fileEncoding = 4; lastKnownFileType = text.plist.xml; name = Info.plist; path = startReactNative/Info.plist; sourceTree = "<group>"; };
		13B07FB71A68108700A75B9A /* main.m */ = {isa = PBXFileReference; fileEncoding = 4; lastKnownFileType = sourcecode.c.objc; name = main.m; path = startReactNative/main.m; sourceTree = "<group>"; };
		1DCB111EC954424AB9C88AB9 /* SFUIText-HeavyItalic.ttf */ = {isa = PBXFileReference; explicitFileType = undefined; fileEncoding = 9; includeInIndex = 0; lastKnownFileType = unknown; name = "SFUIText-HeavyItalic.ttf"; path = "../src/assets/Fonts/SFUI/SFUIText-HeavyItalic.ttf"; sourceTree = "<group>"; };
		25F9AF082F844691A9CB2FFB /* SFUIText-Medium.ttf */ = {isa = PBXFileReference; explicitFileType = undefined; fileEncoding = 9; includeInIndex = 0; lastKnownFileType = unknown; name = "SFUIText-Medium.ttf"; path = "../src/assets/Fonts/SFUI/SFUIText-Medium.ttf"; sourceTree = "<group>"; };
		2BDDE4C7E112414BA34F3F25 /* Poppins-Medium.ttf */ = {isa = PBXFileReference; explicitFileType = undefined; fileEncoding = 9; includeInIndex = 0; lastKnownFileType = unknown; name = "Poppins-Medium.ttf"; path = "../src/assets/Fonts/Poppins/Poppins-Medium.ttf"; sourceTree = "<group>"; };
		2C077C22D029406F92F7E2CD /* Poppins-Italic.ttf */ = {isa = PBXFileReference; explicitFileType = undefined; fileEncoding = 9; includeInIndex = 0; lastKnownFileType = unknown; name = "Poppins-Italic.ttf"; path = "../src/assets/Fonts/Poppins/Poppins-Italic.ttf"; sourceTree = "<group>"; };
		2EB5E4D5A0FE47CB83726982 /* Poppins-SemiBoldItalic.ttf */ = {isa = PBXFileReference; explicitFileType = undefined; fileEncoding = 9; includeInIndex = 0; lastKnownFileType = unknown; name = "Poppins-SemiBoldItalic.ttf"; path = "../src/assets/Fonts/Poppins/Poppins-SemiBoldItalic.ttf"; sourceTree = "<group>"; };
		38DF5E199A51439BA1BEDCD3 /* Cairo-Regular.ttf */ = {isa = PBXFileReference; explicitFileType = undefined; fileEncoding = 9; includeInIndex = 0; lastKnownFileType = unknown; name = "Cairo-Regular.ttf"; path = "../src/assets/Fonts/Cairo/Cairo-Regular.ttf"; sourceTree = "<group>"; };
		3B4392A12AC88292D35C810B /* Pods-startReactNative.debug.xcconfig */ = {isa = PBXFileReference; includeInIndex = 1; lastKnownFileType = text.xcconfig; name = "Pods-startReactNative.debug.xcconfig"; path = "Target Support Files/Pods-startReactNative/Pods-startReactNative.debug.xcconfig"; sourceTree = "<group>"; };
		4916B6CB73784FD0B9CCB9B3 /* Cairo-ExtraLight.ttf */ = {isa = PBXFileReference; explicitFileType = undefined; fileEncoding = 9; includeInIndex = 0; lastKnownFileType = unknown; name = "Cairo-ExtraLight.ttf"; path = "../src/assets/Fonts/Cairo/Cairo-ExtraLight.ttf"; sourceTree = "<group>"; };
		5709B34CF0A7D63546082F79 /* Pods-startReactNative.release.xcconfig */ = {isa = PBXFileReference; includeInIndex = 1; lastKnownFileType = text.xcconfig; name = "Pods-startReactNative.release.xcconfig"; path = "Target Support Files/Pods-startReactNative/Pods-startReactNative.release.xcconfig"; sourceTree = "<group>"; };
		59A94344536E4071AD5E0450 /* Poppins-Thin.ttf */ = {isa = PBXFileReference; explicitFileType = undefined; fileEncoding = 9; includeInIndex = 0; lastKnownFileType = unknown; name = "Poppins-Thin.ttf"; path = "../src/assets/Fonts/Poppins/Poppins-Thin.ttf"; sourceTree = "<group>"; };
		5B7EB9410499542E8C5724F5 /* Pods-startReactNative-startReactNativeTests.debug.xcconfig */ = {isa = PBXFileReference; includeInIndex = 1; lastKnownFileType = text.xcconfig; name = "Pods-startReactNative-startReactNativeTests.debug.xcconfig"; path = "Target Support Files/Pods-startReactNative-startReactNativeTests/Pods-startReactNative-startReactNativeTests.debug.xcconfig"; sourceTree = "<group>"; };
		5E8CE186DDC349BCAB637405 /* Poppins-Regular.ttf */ = {isa = PBXFileReference; explicitFileType = undefined; fileEncoding = 9; includeInIndex = 0; lastKnownFileType = unknown; name = "Poppins-Regular.ttf"; path = "../src/assets/Fonts/Poppins/Poppins-Regular.ttf"; sourceTree = "<group>"; };
		6435C26E3FA24E688751B402 /* Poppins-ExtraLight.ttf */ = {isa = PBXFileReference; explicitFileType = undefined; fileEncoding = 9; includeInIndex = 0; lastKnownFileType = unknown; name = "Poppins-ExtraLight.ttf"; path = "../src/assets/Fonts/Poppins/Poppins-ExtraLight.ttf"; sourceTree = "<group>"; };
		65612B8D8F484E62B55145C9 /* Cairo-Bold.ttf */ = {isa = PBXFileReference; explicitFileType = undefined; fileEncoding = 9; includeInIndex = 0; lastKnownFileType = unknown; name = "Cairo-Bold.ttf"; path = "../src/assets/Fonts/Cairo/Cairo-Bold.ttf"; sourceTree = "<group>"; };
		6B79ACF635A74D4C8BE952F1 /* SFUIText-Semibold.ttf */ = {isa = PBXFileReference; explicitFileType = undefined; fileEncoding = 9; includeInIndex = 0; lastKnownFileType = unknown; name = "SFUIText-Semibold.ttf"; path = "../src/assets/Fonts/SFUI/SFUIText-Semibold.ttf"; sourceTree = "<group>"; };
		6EAE0110DD174C7BA46FC7CB /* SFUIText-RegularItalic.ttf */ = {isa = PBXFileReference; explicitFileType = undefined; fileEncoding = 9; includeInIndex = 0; lastKnownFileType = unknown; name = "SFUIText-RegularItalic.ttf"; path = "../src/assets/Fonts/SFUI/SFUIText-RegularItalic.ttf"; sourceTree = "<group>"; };
		7AB8A5C871EE4F3CA33C5621 /* Cairo-Black.ttf */ = {isa = PBXFileReference; explicitFileType = undefined; fileEncoding = 9; includeInIndex = 0; lastKnownFileType = unknown; name = "Cairo-Black.ttf"; path = "../src/assets/Fonts/Cairo/Cairo-Black.ttf"; sourceTree = "<group>"; };
		7AC204F6E411090B86B6FEA1 /* Pods_startReactNative.framework */ = {isa = PBXFileReference; explicitFileType = wrapper.framework; includeInIndex = 0; path = Pods_startReactNative.framework; sourceTree = BUILT_PRODUCTS_DIR; };
		81AB9BB72411601600AC10FF /* LaunchScreen.storyboard */ = {isa = PBXFileReference; fileEncoding = 4; lastKnownFileType = file.storyboard; name = LaunchScreen.storyboard; path = startReactNative/LaunchScreen.storyboard; sourceTree = "<group>"; };
		89C6BE57DB24E9ADA2F236DE /* Pods-startReactNative-startReactNativeTests.release.xcconfig */ = {isa = PBXFileReference; includeInIndex = 1; lastKnownFileType = text.xcconfig; name = "Pods-startReactNative-startReactNativeTests.release.xcconfig"; path = "Target Support Files/Pods-startReactNative-startReactNativeTests/Pods-startReactNative-startReactNativeTests.release.xcconfig"; sourceTree = "<group>"; };
		9175A2F10961476DB64CA006 /* Poppins-Bold.ttf */ = {isa = PBXFileReference; explicitFileType = undefined; fileEncoding = 9; includeInIndex = 0; lastKnownFileType = unknown; name = "Poppins-Bold.ttf"; path = "../src/assets/Fonts/Poppins/Poppins-Bold.ttf"; sourceTree = "<group>"; };
		958FB66A787F4FBC918BD6D5 /* Poppins-ExtraLightItalic.ttf */ = {isa = PBXFileReference; explicitFileType = undefined; fileEncoding = 9; includeInIndex = 0; lastKnownFileType = unknown; name = "Poppins-ExtraLightItalic.ttf"; path = "../src/assets/Fonts/Poppins/Poppins-ExtraLightItalic.ttf"; sourceTree = "<group>"; };
		98D24B54129044908AFD7D18 /* Poppins-ThinItalic.ttf */ = {isa = PBXFileReference; explicitFileType = undefined; fileEncoding = 9; includeInIndex = 0; lastKnownFileType = unknown; name = "Poppins-ThinItalic.ttf"; path = "../src/assets/Fonts/Poppins/Poppins-ThinItalic.ttf"; sourceTree = "<group>"; };
		9B0F9C1A29D728EC0004DB80 /* startReactNative-Bridging-Header.h */ = {isa = PBXFileReference; lastKnownFileType = sourcecode.c.h; path = "startReactNative-Bridging-Header.h"; sourceTree = "<group>"; };
		9B0F9C1B29D728EC0004DB80 /* File.swift */ = {isa = PBXFileReference; lastKnownFileType = sourcecode.swift; path = File.swift; sourceTree = "<group>"; };
		9B0F9C1D29D73A590004DB80 /* startReactNative.entitlements */ = {isa = PBXFileReference; lastKnownFileType = text.plist.entitlements; name = startReactNative.entitlements; path = startReactNative/startReactNative.entitlements; sourceTree = "<group>"; };
		9B33CE1DA90B4EE8BDE1417B /* SFUIText-Heavy.ttf */ = {isa = PBXFileReference; explicitFileType = undefined; fileEncoding = 9; includeInIndex = 0; lastKnownFileType = unknown; name = "SFUIText-Heavy.ttf"; path = "../src/assets/Fonts/SFUI/SFUIText-Heavy.ttf"; sourceTree = "<group>"; };
		9BAF5A0829D7A2CF0014DAC2 /* Octicons.ttf */ = {isa = PBXFileReference; lastKnownFileType = file; path = Octicons.ttf; sourceTree = "<group>"; };
		9BAF5A0929D7A2CF0014DAC2 /* Ionicons.ttf */ = {isa = PBXFileReference; lastKnownFileType = file; path = Ionicons.ttf; sourceTree = "<group>"; };
		9BAF5A0A29D7A2D00014DAC2 /* FontAwesome5_Solid.ttf */ = {isa = PBXFileReference; lastKnownFileType = file; path = FontAwesome5_Solid.ttf; sourceTree = "<group>"; };
		9BAF5A0B29D7A2D00014DAC2 /* FontAwesome5_Regular.ttf */ = {isa = PBXFileReference; lastKnownFileType = file; path = FontAwesome5_Regular.ttf; sourceTree = "<group>"; };
		9BAF5A0C29D7A2D00014DAC2 /* Entypo.ttf */ = {isa = PBXFileReference; lastKnownFileType = file; path = Entypo.ttf; sourceTree = "<group>"; };
		9BAF5A0D29D7A2D00014DAC2 /* Fontisto.ttf */ = {isa = PBXFileReference; lastKnownFileType = file; path = Fontisto.ttf; sourceTree = "<group>"; };
		9BAF5A0E29D7A2D00014DAC2 /* AntDesign.ttf */ = {isa = PBXFileReference; lastKnownFileType = file; path = AntDesign.ttf; sourceTree = "<group>"; };
		9BAF5A0F29D7A2D00014DAC2 /* Zocial.ttf */ = {isa = PBXFileReference; lastKnownFileType = file; path = Zocial.ttf; sourceTree = "<group>"; };
		9BAF5A1029D7A2D00014DAC2 /* MaterialIcons.ttf */ = {isa = PBXFileReference; lastKnownFileType = file; path = MaterialIcons.ttf; sourceTree = "<group>"; };
		9BAF5A1129D7A2D00014DAC2 /* FontAwesome5_Brands.ttf */ = {isa = PBXFileReference; lastKnownFileType = file; path = FontAwesome5_Brands.ttf; sourceTree = "<group>"; };
		9BAF5A1229D7A2D00014DAC2 /* SimpleLineIcons.ttf */ = {isa = PBXFileReference; lastKnownFileType = file; path = SimpleLineIcons.ttf; sourceTree = "<group>"; };
		9BAF5A1329D7A2D00014DAC2 /* FontAwesome.ttf */ = {isa = PBXFileReference; lastKnownFileType = file; path = FontAwesome.ttf; sourceTree = "<group>"; };
		9BAF5A1429D7A2D00014DAC2 /* MaterialCommunityIcons.ttf */ = {isa = PBXFileReference; lastKnownFileType = file; path = MaterialCommunityIcons.ttf; sourceTree = "<group>"; };
		9BAF5A1529D7A2D00014DAC2 /* Feather.ttf */ = {isa = PBXFileReference; lastKnownFileType = file; path = Feather.ttf; sourceTree = "<group>"; };
		9BAF5A1629D7A2D00014DAC2 /* Foundation.ttf */ = {isa = PBXFileReference; lastKnownFileType = file; path = Foundation.ttf; sourceTree = "<group>"; };
		9BAF5A1729D7A2D00014DAC2 /* EvilIcons.ttf */ = {isa = PBXFileReference; lastKnownFileType = file; path = EvilIcons.ttf; sourceTree = "<group>"; };
		9BB92FAC29D6050000DF5F1F /* GoogleService-Info.plist */ = {isa = PBXFileReference; fileEncoding = 4; lastKnownFileType = text.plist.xml; path = "GoogleService-Info.plist"; sourceTree = "<group>"; };
		A05EEA1C1BCE4568A6693CE8 /* Poppins-MediumItalic.ttf */ = {isa = PBXFileReference; explicitFileType = undefined; fileEncoding = 9; includeInIndex = 0; lastKnownFileType = unknown; name = "Poppins-MediumItalic.ttf"; path = "../src/assets/Fonts/Poppins/Poppins-MediumItalic.ttf"; sourceTree = "<group>"; };
		A57BC8F350114993BA799D45 /* Cairo-Light.ttf */ = {isa = PBXFileReference; explicitFileType = undefined; fileEncoding = 9; includeInIndex = 0; lastKnownFileType = unknown; name = "Cairo-Light.ttf"; path = "../src/assets/Fonts/Cairo/Cairo-Light.ttf"; sourceTree = "<group>"; };
		B0577CEC58A34E568DFFD44A /* SFUIText-BoldItalic.ttf */ = {isa = PBXFileReference; explicitFileType = undefined; fileEncoding = 9; includeInIndex = 0; lastKnownFileType = unknown; name = "SFUIText-BoldItalic.ttf"; path = "../src/assets/Fonts/SFUI/SFUIText-BoldItalic.ttf"; sourceTree = "<group>"; };
		B9349C66FF9E4BBFAC6D1701 /* Poppins-Light.ttf */ = {isa = PBXFileReference; explicitFileType = undefined; fileEncoding = 9; includeInIndex = 0; lastKnownFileType = unknown; name = "Poppins-Light.ttf"; path = "../src/assets/Fonts/Poppins/Poppins-Light.ttf"; sourceTree = "<group>"; };
		BB01883601EA4DBF896E1056 /* SFUIText-Light.ttf */ = {isa = PBXFileReference; explicitFileType = undefined; fileEncoding = 9; includeInIndex = 0; lastKnownFileType = unknown; name = "SFUIText-Light.ttf"; path = "../src/assets/Fonts/SFUI/SFUIText-Light.ttf"; sourceTree = "<group>"; };
		CA773030594A48018E27B9C3 /* SFUIText-Regular.ttf */ = {isa = PBXFileReference; explicitFileType = undefined; fileEncoding = 9; includeInIndex = 0; lastKnownFileType = unknown; name = "SFUIText-Regular.ttf"; path = "../src/assets/Fonts/SFUI/SFUIText-Regular.ttf"; sourceTree = "<group>"; };
		D7EBD99641414F45A719CACB /* Poppins-ExtraBoldItalic.ttf */ = {isa = PBXFileReference; explicitFileType = undefined; fileEncoding = 9; includeInIndex = 0; lastKnownFileType = unknown; name = "Poppins-ExtraBoldItalic.ttf"; path = "../src/assets/Fonts/Poppins/Poppins-ExtraBoldItalic.ttf"; sourceTree = "<group>"; };
		DA6EFBF66274475AAF25A369 /* SFUIText-Bold.ttf */ = {isa = PBXFileReference; explicitFileType = undefined; fileEncoding = 9; includeInIndex = 0; lastKnownFileType = unknown; name = "SFUIText-Bold.ttf"; path = "../src/assets/Fonts/SFUI/SFUIText-Bold.ttf"; sourceTree = "<group>"; };
		DD9B2F388EFA42B58112CEAC /* Poppins-BoldItalic.ttf */ = {isa = PBXFileReference; explicitFileType = undefined; fileEncoding = 9; includeInIndex = 0; lastKnownFileType = unknown; name = "Poppins-BoldItalic.ttf"; path = "../src/assets/Fonts/Poppins/Poppins-BoldItalic.ttf"; sourceTree = "<group>"; };
		E05EA633C72E4DB19E986152 /* Cairo-SemiBold.ttf */ = {isa = PBXFileReference; explicitFileType = undefined; fileEncoding = 9; includeInIndex = 0; lastKnownFileType = unknown; name = "Cairo-SemiBold.ttf"; path = "../src/assets/Fonts/Cairo/Cairo-SemiBold.ttf"; sourceTree = "<group>"; };
		E6B77B18E10D0778EFA44D5C /* Pods_startReactNative_startReactNativeTests.framework */ = {isa = PBXFileReference; explicitFileType = wrapper.framework; includeInIndex = 0; path = Pods_startReactNative_startReactNativeTests.framework; sourceTree = BUILT_PRODUCTS_DIR; };
		ED297162215061F000B7C4FE /* JavaScriptCore.framework */ = {isa = PBXFileReference; lastKnownFileType = wrapper.framework; name = JavaScriptCore.framework; path = System/Library/Frameworks/JavaScriptCore.framework; sourceTree = SDKROOT; };
		ED63E3F4931445C88F26F352 /* SFUIText-MediumItalic.ttf */ = {isa = PBXFileReference; explicitFileType = undefined; fileEncoding = 9; includeInIndex = 0; lastKnownFileType = unknown; name = "SFUIText-MediumItalic.ttf"; path = "../src/assets/Fonts/SFUI/SFUIText-MediumItalic.ttf"; sourceTree = "<group>"; };
		EE93D9615D4547B28FF93712 /* Poppins-SemiBold.ttf */ = {isa = PBXFileReference; explicitFileType = undefined; fileEncoding = 9; includeInIndex = 0; lastKnownFileType = unknown; name = "Poppins-SemiBold.ttf"; path = "../src/assets/Fonts/Poppins/Poppins-SemiBold.ttf"; sourceTree = "<group>"; };
		F5E54A1710E54AE09F9F1171 /* Poppins-BlackItalic.ttf */ = {isa = PBXFileReference; explicitFileType = undefined; fileEncoding = 9; includeInIndex = 0; lastKnownFileType = unknown; name = "Poppins-BlackItalic.ttf"; path = "../src/assets/Fonts/Poppins/Poppins-BlackItalic.ttf"; sourceTree = "<group>"; };
		FC19E460222745B6A43E6305 /* Poppins-ExtraBold.ttf */ = {isa = PBXFileReference; explicitFileType = undefined; fileEncoding = 9; includeInIndex = 0; lastKnownFileType = unknown; name = "Poppins-ExtraBold.ttf"; path = "../src/assets/Fonts/Poppins/Poppins-ExtraBold.ttf"; sourceTree = "<group>"; };
		FCED79AE1721405894ACD718 /* Poppins-LightItalic.ttf */ = {isa = PBXFileReference; explicitFileType = undefined; fileEncoding = 9; includeInIndex = 0; lastKnownFileType = unknown; name = "Poppins-LightItalic.ttf"; path = "../src/assets/Fonts/Poppins/Poppins-LightItalic.ttf"; sourceTree = "<group>"; };
		FD37120E9A604DA985639792 /* Cairo.ttf */ = {isa = PBXFileReference; explicitFileType = undefined; fileEncoding = 9; includeInIndex = 0; lastKnownFileType = unknown; name = Cairo.ttf; path = ../src/assets/Fonts/Cairo/Cairo.ttf; sourceTree = "<group>"; };
/* End PBXFileReference section */

/* Begin PBXFrameworksBuildPhase section */
		00E356EB1AD99517003FC87E /* Frameworks */ = {
			isa = PBXFrameworksBuildPhase;
			buildActionMask = 2147483647;
			files = (
				C7AE036186E7C8C44F62982C /* Pods_startReactNative_startReactNativeTests.framework in Frameworks */,
			);
			runOnlyForDeploymentPostprocessing = 0;
		};
		13B07F8C1A680F5B00A75B9A /* Frameworks */ = {
			isa = PBXFrameworksBuildPhase;
			buildActionMask = 2147483647;
			files = (
				F029AA30822BBE117CA2590D /* Pods_startReactNative.framework in Frameworks */,
			);
			runOnlyForDeploymentPostprocessing = 0;
		};
/* End PBXFrameworksBuildPhase section */

/* Begin PBXGroup section */
		00E356EF1AD99517003FC87E /* startReactNativeTests */ = {
			isa = PBXGroup;
			children = (
				00E356F21AD99517003FC87E /* startReactNativeTests.m */,
				00E356F01AD99517003FC87E /* Supporting Files */,
			);
			path = startReactNativeTests;
			sourceTree = "<group>";
		};
		00E356F01AD99517003FC87E /* Supporting Files */ = {
			isa = PBXGroup;
			children = (
				00E356F11AD99517003FC87E /* Info.plist */,
			);
			name = "Supporting Files";
			sourceTree = "<group>";
		};
		13B07FAE1A68108700A75B9A /* startReactNative */ = {
			isa = PBXGroup;
			children = (
				9BAF5A0729D7A2BE0014DAC2 /* Fonts */,
				9B0F9C1D29D73A590004DB80 /* startReactNative.entitlements */,
				9BB92FAC29D6050000DF5F1F /* GoogleService-Info.plist */,
				13B07FAF1A68108700A75B9A /* AppDelegate.h */,
				9B0F9C1B29D728EC0004DB80 /* File.swift */,
				13B07FB01A68108700A75B9A /* AppDelegate.mm */,
				13B07FB51A68108700A75B9A /* Images.xcassets */,
				13B07FB61A68108700A75B9A /* Info.plist */,
				81AB9BB72411601600AC10FF /* LaunchScreen.storyboard */,
				13B07FB71A68108700A75B9A /* main.m */,
				9B0F9C1A29D728EC0004DB80 /* startReactNative-Bridging-Header.h */,
			);
			name = startReactNative;
			sourceTree = "<group>";
		};
		2D16E6871FA4F8E400B85C8A /* Frameworks */ = {
			isa = PBXGroup;
			children = (
				ED297162215061F000B7C4FE /* JavaScriptCore.framework */,
				7AC204F6E411090B86B6FEA1 /* Pods_startReactNative.framework */,
				E6B77B18E10D0778EFA44D5C /* Pods_startReactNative_startReactNativeTests.framework */,
			);
			name = Frameworks;
			sourceTree = "<group>";
		};
		6F5F7AD15F314973847F48A2 /* Resources */ = {
			isa = PBXGroup;
			children = (
				7AB8A5C871EE4F3CA33C5621 /* Cairo-Black.ttf */,
				65612B8D8F484E62B55145C9 /* Cairo-Bold.ttf */,
				4916B6CB73784FD0B9CCB9B3 /* Cairo-ExtraLight.ttf */,
				A57BC8F350114993BA799D45 /* Cairo-Light.ttf */,
				38DF5E199A51439BA1BEDCD3 /* Cairo-Regular.ttf */,
				E05EA633C72E4DB19E986152 /* Cairo-SemiBold.ttf */,
				FD37120E9A604DA985639792 /* Cairo.ttf */,
				008EDA4FD58241EEA648E6D6 /* Poppins-Black.ttf */,
				F5E54A1710E54AE09F9F1171 /* Poppins-BlackItalic.ttf */,
				9175A2F10961476DB64CA006 /* Poppins-Bold.ttf */,
				DD9B2F388EFA42B58112CEAC /* Poppins-BoldItalic.ttf */,
				FC19E460222745B6A43E6305 /* Poppins-ExtraBold.ttf */,
				D7EBD99641414F45A719CACB /* Poppins-ExtraBoldItalic.ttf */,
				6435C26E3FA24E688751B402 /* Poppins-ExtraLight.ttf */,
				958FB66A787F4FBC918BD6D5 /* Poppins-ExtraLightItalic.ttf */,
				2C077C22D029406F92F7E2CD /* Poppins-Italic.ttf */,
				B9349C66FF9E4BBFAC6D1701 /* Poppins-Light.ttf */,
				FCED79AE1721405894ACD718 /* Poppins-LightItalic.ttf */,
				2BDDE4C7E112414BA34F3F25 /* Poppins-Medium.ttf */,
				A05EEA1C1BCE4568A6693CE8 /* Poppins-MediumItalic.ttf */,
				5E8CE186DDC349BCAB637405 /* Poppins-Regular.ttf */,
				EE93D9615D4547B28FF93712 /* Poppins-SemiBold.ttf */,
				2EB5E4D5A0FE47CB83726982 /* Poppins-SemiBoldItalic.ttf */,
				59A94344536E4071AD5E0450 /* Poppins-Thin.ttf */,
				98D24B54129044908AFD7D18 /* Poppins-ThinItalic.ttf */,
				DA6EFBF66274475AAF25A369 /* SFUIText-Bold.ttf */,
				B0577CEC58A34E568DFFD44A /* SFUIText-BoldItalic.ttf */,
				9B33CE1DA90B4EE8BDE1417B /* SFUIText-Heavy.ttf */,
				1DCB111EC954424AB9C88AB9 /* SFUIText-HeavyItalic.ttf */,
				BB01883601EA4DBF896E1056 /* SFUIText-Light.ttf */,
				069DB484EA0D43A59F00F7CB /* SFUIText-LightItalic.ttf */,
				25F9AF082F844691A9CB2FFB /* SFUIText-Medium.ttf */,
				ED63E3F4931445C88F26F352 /* SFUIText-MediumItalic.ttf */,
				CA773030594A48018E27B9C3 /* SFUIText-Regular.ttf */,
				6EAE0110DD174C7BA46FC7CB /* SFUIText-RegularItalic.ttf */,
				6B79ACF635A74D4C8BE952F1 /* SFUIText-Semibold.ttf */,
				0A7D61392BB14381B4DE402B /* SFUIText-SemiboldItalic.ttf */,
			);
			name = Resources;
			sourceTree = "<group>";
		};
		832341AE1AAA6A7D00B99B32 /* Libraries */ = {
			isa = PBXGroup;
			children = (
			);
			name = Libraries;
			sourceTree = "<group>";
		};
		83CBB9F61A601CBA00E9B192 = {
			isa = PBXGroup;
			children = (
				13B07FAE1A68108700A75B9A /* startReactNative */,
				832341AE1AAA6A7D00B99B32 /* Libraries */,
				00E356EF1AD99517003FC87E /* startReactNativeTests */,
				83CBBA001A601CBA00E9B192 /* Products */,
				2D16E6871FA4F8E400B85C8A /* Frameworks */,
				BBD78D7AC51CEA395F1C20DB /* Pods */,
				6F5F7AD15F314973847F48A2 /* Resources */,
			);
			indentWidth = 2;
			sourceTree = "<group>";
			tabWidth = 2;
			usesTabs = 0;
		};
		83CBBA001A601CBA00E9B192 /* Products */ = {
			isa = PBXGroup;
			children = (
				13B07F961A680F5B00A75B9A /* startReactNative.app */,
				00E356EE1AD99517003FC87E /* startReactNativeTests.xctest */,
			);
			name = Products;
			sourceTree = "<group>";
		};
		9BAF5A0729D7A2BE0014DAC2 /* Fonts */ = {
			isa = PBXGroup;
			children = (
				9BAF5A0E29D7A2D00014DAC2 /* AntDesign.ttf */,
				9BAF5A0C29D7A2D00014DAC2 /* Entypo.ttf */,
				9BAF5A1729D7A2D00014DAC2 /* EvilIcons.ttf */,
				9BAF5A1529D7A2D00014DAC2 /* Feather.ttf */,
				9BAF5A1329D7A2D00014DAC2 /* FontAwesome.ttf */,
				9BAF5A1129D7A2D00014DAC2 /* FontAwesome5_Brands.ttf */,
				9BAF5A0B29D7A2D00014DAC2 /* FontAwesome5_Regular.ttf */,
				9BAF5A0A29D7A2D00014DAC2 /* FontAwesome5_Solid.ttf */,
				9BAF5A0D29D7A2D00014DAC2 /* Fontisto.ttf */,
				9BAF5A1629D7A2D00014DAC2 /* Foundation.ttf */,
				9BAF5A0929D7A2CF0014DAC2 /* Ionicons.ttf */,
				9BAF5A1429D7A2D00014DAC2 /* MaterialCommunityIcons.ttf */,
				9BAF5A1029D7A2D00014DAC2 /* MaterialIcons.ttf */,
				9BAF5A0829D7A2CF0014DAC2 /* Octicons.ttf */,
				9BAF5A1229D7A2D00014DAC2 /* SimpleLineIcons.ttf */,
				9BAF5A0F29D7A2D00014DAC2 /* Zocial.ttf */,
			);
			name = Fonts;
			sourceTree = "<group>";
		};
		BBD78D7AC51CEA395F1C20DB /* Pods */ = {
			isa = PBXGroup;
			children = (
				3B4392A12AC88292D35C810B /* Pods-startReactNative.debug.xcconfig */,
				5709B34CF0A7D63546082F79 /* Pods-startReactNative.release.xcconfig */,
				5B7EB9410499542E8C5724F5 /* Pods-startReactNative-startReactNativeTests.debug.xcconfig */,
				89C6BE57DB24E9ADA2F236DE /* Pods-startReactNative-startReactNativeTests.release.xcconfig */,
			);
			path = Pods;
			sourceTree = "<group>";
		};
/* End PBXGroup section */

/* Begin PBXNativeTarget section */
		00E356ED1AD99517003FC87E /* startReactNativeTests */ = {
			isa = PBXNativeTarget;
			buildConfigurationList = 00E357021AD99517003FC87E /* Build configuration list for PBXNativeTarget "startReactNativeTests" */;
			buildPhases = (
				A55EABD7B0C7F3A422A6CC61 /* [CP] Check Pods Manifest.lock */,
				00E356EA1AD99517003FC87E /* Sources */,
				00E356EB1AD99517003FC87E /* Frameworks */,
				00E356EC1AD99517003FC87E /* Resources */,
				C59DA0FBD6956966B86A3779 /* [CP] Embed Pods Frameworks */,
				F6A41C54EA430FDDC6A6ED99 /* [CP] Copy Pods Resources */,
			);
			buildRules = (
			);
			dependencies = (
				00E356F51AD99517003FC87E /* PBXTargetDependency */,
			);
			name = startReactNativeTests;
			productName = startReactNativeTests;
			productReference = 00E356EE1AD99517003FC87E /* startReactNativeTests.xctest */;
			productType = "com.apple.product-type.bundle.unit-test";
		};
		13B07F861A680F5B00A75B9A /* startReactNative */ = {
			isa = PBXNativeTarget;
			buildConfigurationList = 13B07F931A680F5B00A75B9A /* Build configuration list for PBXNativeTarget "startReactNative" */;
			buildPhases = (
				C38B50BA6285516D6DCD4F65 /* [CP] Check Pods Manifest.lock */,
				FD10A7F022414F080027D42C /* Start Packager */,
				13B07F871A680F5B00A75B9A /* Sources */,
				13B07F8C1A680F5B00A75B9A /* Frameworks */,
				13B07F8E1A680F5B00A75B9A /* Resources */,
				00DD1BFF1BD5951E006B06BC /* Bundle React Native code and images */,
				00EEFC60759A1932668264C0 /* [CP] Embed Pods Frameworks */,
				E235C05ADACE081382539298 /* [CP] Copy Pods Resources */,
				637A48A4C3AF8B62513E4C83 /* [CP-User] [RNFB] Core Configuration */,
				7F65BC735E50FE4DDDFBB825 /* [CP-User] [RNFB] Crashlytics Configuration */,
			);
			buildRules = (
			);
			dependencies = (
			);
			name = startReactNative;
			productName = startReactNative;
			productReference = 13B07F961A680F5B00A75B9A /* startReactNative.app */;
			productType = "com.apple.product-type.application";
		};
/* End PBXNativeTarget section */

/* Begin PBXProject section */
		83CBB9F71A601CBA00E9B192 /* Project object */ = {
			isa = PBXProject;
			attributes = {
				LastUpgradeCheck = 1210;
				TargetAttributes = {
					00E356ED1AD99517003FC87E = {
						CreatedOnToolsVersion = 6.2;
						TestTargetID = 13B07F861A680F5B00A75B9A;
					};
					13B07F861A680F5B00A75B9A = {
						LastSwiftMigration = 1420;
					};
				};
			};
			buildConfigurationList = 83CBB9FA1A601CBA00E9B192 /* Build configuration list for PBXProject "startReactNative" */;
			compatibilityVersion = "Xcode 12.0";
			developmentRegion = en;
			hasScannedForEncodings = 0;
			knownRegions = (
				en,
				Base,
			);
			mainGroup = 83CBB9F61A601CBA00E9B192;
			productRefGroup = 83CBBA001A601CBA00E9B192 /* Products */;
			projectDirPath = "";
			projectRoot = "";
			targets = (
				13B07F861A680F5B00A75B9A /* startReactNative */,
				00E356ED1AD99517003FC87E /* startReactNativeTests */,
			);
		};
/* End PBXProject section */

/* Begin PBXResourcesBuildPhase section */
		00E356EC1AD99517003FC87E /* Resources */ = {
			isa = PBXResourcesBuildPhase;
			buildActionMask = 2147483647;
			files = (
				9BB92FAE29D6050000DF5F1F /* GoogleService-Info.plist in Resources */,
			);
			runOnlyForDeploymentPostprocessing = 0;
		};
		13B07F8E1A680F5B00A75B9A /* Resources */ = {
			isa = PBXResourcesBuildPhase;
			buildActionMask = 2147483647;
			files = (
				81AB9BB82411601600AC10FF /* LaunchScreen.storyboard in Resources */,
				13B07FBF1A68108700A75B9A /* Images.xcassets in Resources */,
				9BB92FAD29D6050000DF5F1F /* GoogleService-Info.plist in Resources */,
				C5B672F8CD68486AAD175745 /* Cairo-Black.ttf in Resources */,
				D6BA1FBCE71745B9838672CC /* Cairo-Bold.ttf in Resources */,
				81C0C58CF701462E800F1FA3 /* Cairo-ExtraLight.ttf in Resources */,
				D06AC9FB058848C083579220 /* Cairo-Light.ttf in Resources */,
				6932C0476E784F3AA51AEDEE /* Cairo-Regular.ttf in Resources */,
				BD3B5E5320E449C98D175480 /* Cairo-SemiBold.ttf in Resources */,
				95C88132247C4506AEB115EF /* Cairo.ttf in Resources */,
				3E8E2FD3C6E1426D8A10A7CC /* Poppins-Black.ttf in Resources */,
				DDDC13227AED4338B98DA820 /* Poppins-BlackItalic.ttf in Resources */,
				12372AA568F74529B520FD55 /* Poppins-Bold.ttf in Resources */,
				6698A76064BC4C868CABC69C /* Poppins-BoldItalic.ttf in Resources */,
				E161D5F368B84313A81E9A13 /* Poppins-ExtraBold.ttf in Resources */,
				4BCF30A07D954962B5D21EFF /* Poppins-ExtraBoldItalic.ttf in Resources */,
				FBB10954F435464E92000359 /* Poppins-ExtraLight.ttf in Resources */,
				A5C623F8D23D434595D48275 /* Poppins-ExtraLightItalic.ttf in Resources */,
				13E24D0A06F9459C8A297C38 /* Poppins-Italic.ttf in Resources */,
				165233A431D54FA79B8AC701 /* Poppins-Light.ttf in Resources */,
				4088C015E6104AD1A7CB1DD3 /* Poppins-LightItalic.ttf in Resources */,
				37816EDEE5F844C2BF484720 /* Poppins-Medium.ttf in Resources */,
				1C6F9FE5C06345F9A9B042FD /* Poppins-MediumItalic.ttf in Resources */,
				E5BB7204BE1F4638B42CCF4B /* Poppins-Regular.ttf in Resources */,
				3145C90A89084AEDB4B9A9F9 /* Poppins-SemiBold.ttf in Resources */,
				AC44C0324ED741139D3E9680 /* Poppins-SemiBoldItalic.ttf in Resources */,
				39F821BD5E8F45ACA57C97A8 /* Poppins-Thin.ttf in Resources */,
				54277F5ECA2F4ECB81B5CFAB /* Poppins-ThinItalic.ttf in Resources */,
				047EA0F3AFB841F1B26C0D4D /* SFUIText-Bold.ttf in Resources */,
				FD93D2C937AB4906820F3E94 /* SFUIText-BoldItalic.ttf in Resources */,
				9D73DE8A10564363A5487023 /* SFUIText-Heavy.ttf in Resources */,
				616CA987C8AC4D8AA18AD478 /* SFUIText-HeavyItalic.ttf in Resources */,
				45CD03D3C40246CBB438E2B2 /* SFUIText-Light.ttf in Resources */,
				4D09F10294BB490699EA48AC /* SFUIText-LightItalic.ttf in Resources */,
				F9AE488B704048C4AF6BBA46 /* SFUIText-Medium.ttf in Resources */,
				41F80E10FA504763BFF1CDF2 /* SFUIText-MediumItalic.ttf in Resources */,
				C284CA7212494CFEAAC2AEB2 /* SFUIText-Regular.ttf in Resources */,
				C58F6334533A403287BB007D /* SFUIText-RegularItalic.ttf in Resources */,
				38504BCAFA1D47209F10C7A7 /* SFUIText-Semibold.ttf in Resources */,
				8F82035B6458421098871438 /* SFUIText-SemiboldItalic.ttf in Resources */,
			);
			runOnlyForDeploymentPostprocessing = 0;
		};
/* End PBXResourcesBuildPhase section */

/* Begin PBXShellScriptBuildPhase section */
		00DD1BFF1BD5951E006B06BC /* Bundle React Native code and images */ = {
			isa = PBXShellScriptBuildPhase;
			buildActionMask = 2147483647;
			files = (
			);
			inputPaths = (
				"$(SRCROOT)/.xcode.env.local",
				"$(SRCROOT)/.xcode.env",
			);
			name = "Bundle React Native code and images";
			outputPaths = (
			);
			runOnlyForDeploymentPostprocessing = 0;
			shellPath = /bin/sh;
			shellScript = "set -e\n\nWITH_ENVIRONMENT=\"../node_modules/react-native/scripts/xcode/with-environment.sh\"\nREACT_NATIVE_XCODE=\"../node_modules/react-native/scripts/react-native-xcode.sh\"\n\n/bin/sh -c \"$WITH_ENVIRONMENT $REACT_NATIVE_XCODE\"\n";
		};
		00EEFC60759A1932668264C0 /* [CP] Embed Pods Frameworks */ = {
			isa = PBXShellScriptBuildPhase;
			buildActionMask = 2147483647;
			files = (
			);
			inputFileListPaths = (
				"${PODS_ROOT}/Target Support Files/Pods-startReactNative/Pods-startReactNative-frameworks-${CONFIGURATION}-input-files.xcfilelist",
			);
			name = "[CP] Embed Pods Frameworks";
			outputFileListPaths = (
				"${PODS_ROOT}/Target Support Files/Pods-startReactNative/Pods-startReactNative-frameworks-${CONFIGURATION}-output-files.xcfilelist",
			);
			runOnlyForDeploymentPostprocessing = 0;
			shellPath = /bin/sh;
			shellScript = "\"${PODS_ROOT}/Target Support Files/Pods-startReactNative/Pods-startReactNative-frameworks.sh\"\n";
			showEnvVarsInLog = 0;
		};
		637A48A4C3AF8B62513E4C83 /* [CP-User] [RNFB] Core Configuration */ = {
			isa = PBXShellScriptBuildPhase;
			buildActionMask = 2147483647;
			files = (
			);
			inputPaths = (
				"$(BUILT_PRODUCTS_DIR)/$(INFOPLIST_PATH)",
			);
			name = "[CP-User] [RNFB] Core Configuration";
			runOnlyForDeploymentPostprocessing = 0;
			shellPath = /bin/sh;
			shellScript = "#!/usr/bin/env bash\n#\n# Copyright (c) 2016-present Invertase Limited & Contributors\n#\n# Licensed under the Apache License, Version 2.0 (the \"License\");\n# you may not use this library except in compliance with the License.\n# You may obtain a copy of the License at\n#\n#   http://www.apache.org/licenses/LICENSE-2.0\n#\n# Unless required by applicable law or agreed to in writing, software\n# distributed under the License is distributed on an \"AS IS\" BASIS,\n# WITHOUT WARRANTIES OR CONDITIONS OF ANY KIND, either express or implied.\n# See the License for the specific language governing permissions and\n# limitations under the License.\n#\nset -e\n\n_MAX_LOOKUPS=2;\n_SEARCH_RESULT=''\n_RN_ROOT_EXISTS=''\n_CURRENT_LOOKUPS=1\n_JSON_ROOT=\"'react-native'\"\n_JSON_FILE_NAME='firebase.json'\n_JSON_OUTPUT_BASE64='e30=' # { }\n_CURRENT_SEARCH_DIR=${PROJECT_DIR}\n_PLIST_BUDDY=/usr/libexec/PlistBuddy\n_TARGET_PLIST=\"${BUILT_PRODUCTS_DIR}/${INFOPLIST_PATH}\"\n_DSYM_PLIST=\"${DWARF_DSYM_FOLDER_PATH}/${DWARF_DSYM_FILE_NAME}/Contents/Info.plist\"\n\n# plist arrays\n_PLIST_ENTRY_KEYS=()\n_PLIST_ENTRY_TYPES=()\n_PLIST_ENTRY_VALUES=()\n\nfunction setPlistValue {\n  echo \"info:      setting plist entry '$1' of type '$2' in file '$4'\"\n  ${_PLIST_BUDDY} -c \"Add :$1 $2 '$3'\" $4 || echo \"info:      '$1' already exists\"\n}\n\nfunction getFirebaseJsonKeyValue () {\n  if [[ ${_RN_ROOT_EXISTS} ]]; then\n    ruby -Ku -e \"require 'rubygems';require 'json'; output=JSON.parse('$1'); puts output[$_JSON_ROOT]['$2']\"\n  else\n    echo \"\"\n  fi;\n}\n\nfunction jsonBoolToYesNo () {\n  if [[ $1 == \"false\" ]]; then\n    echo \"NO\"\n  elif [[ $1 == \"true\" ]]; then\n    echo \"YES\"\n  else echo \"NO\"\n  fi\n}\n\necho \"info: -> RNFB build script started\"\necho \"info: 1) Locating ${_JSON_FILE_NAME} file:\"\n\nif [[ -z ${_CURRENT_SEARCH_DIR} ]]; then\n  _CURRENT_SEARCH_DIR=$(pwd)\nfi;\n\nwhile true; do\n  _CURRENT_SEARCH_DIR=$(dirname \"$_CURRENT_SEARCH_DIR\")\n  if [[ \"$_CURRENT_SEARCH_DIR\" == \"/\" ]] || [[ ${_CURRENT_LOOKUPS} -gt ${_MAX_LOOKUPS} ]]; then break; fi;\n  echo \"info:      ($_CURRENT_LOOKUPS of $_MAX_LOOKUPS) Searching in '$_CURRENT_SEARCH_DIR' for a ${_JSON_FILE_NAME} file.\"\n  _SEARCH_RESULT=$(find \"$_CURRENT_SEARCH_DIR\" -maxdepth 2 -name ${_JSON_FILE_NAME} -print | /usr/bin/head -n 1)\n  if [[ ${_SEARCH_RESULT} ]]; then\n    echo \"info:      ${_JSON_FILE_NAME} found at $_SEARCH_RESULT\"\n    break;\n  fi;\n  _CURRENT_LOOKUPS=$((_CURRENT_LOOKUPS+1))\ndone\n\nif [[ ${_SEARCH_RESULT} ]]; then\n  _JSON_OUTPUT_RAW=$(cat \"${_SEARCH_RESULT}\")\n  _RN_ROOT_EXISTS=$(ruby -Ku -e \"require 'rubygems';require 'json'; output=JSON.parse('$_JSON_OUTPUT_RAW'); puts output[$_JSON_ROOT]\" || echo '')\n\n  if [[ ${_RN_ROOT_EXISTS} ]]; then\n    if ! python3 --version >/dev/null 2>&1; then echo \"python3 not found, firebase.json file processing error.\" && exit 1; fi\n    _JSON_OUTPUT_BASE64=$(python3 -c 'import json,sys,base64;print(base64.b64encode(bytes(json.dumps(json.loads(open('\"'${_SEARCH_RESULT}'\"', '\"'rb'\"').read())['${_JSON_ROOT}']), '\"'utf-8'\"')).decode())' || echo \"e30=\")\n  fi\n\n  _PLIST_ENTRY_KEYS+=(\"firebase_json_raw\")\n  _PLIST_ENTRY_TYPES+=(\"string\")\n  _PLIST_ENTRY_VALUES+=(\"$_JSON_OUTPUT_BASE64\")\n\n  # config.app_data_collection_default_enabled\n  _APP_DATA_COLLECTION_ENABLED=$(getFirebaseJsonKeyValue \"$_JSON_OUTPUT_RAW\" \"app_data_collection_default_enabled\")\n  if [[ $_APP_DATA_COLLECTION_ENABLED ]]; then\n    _PLIST_ENTRY_KEYS+=(\"FirebaseDataCollectionDefaultEnabled\")\n    _PLIST_ENTRY_TYPES+=(\"bool\")\n    _PLIST_ENTRY_VALUES+=(\"$(jsonBoolToYesNo \"$_APP_DATA_COLLECTION_ENABLED\")\")\n  fi\n\n  # config.analytics_auto_collection_enabled\n  _ANALYTICS_AUTO_COLLECTION=$(getFirebaseJsonKeyValue \"$_JSON_OUTPUT_RAW\" \"analytics_auto_collection_enabled\")\n  if [[ $_ANALYTICS_AUTO_COLLECTION ]]; then\n    _PLIST_ENTRY_KEYS+=(\"FIREBASE_ANALYTICS_COLLECTION_ENABLED\")\n    _PLIST_ENTRY_TYPES+=(\"bool\")\n    _PLIST_ENTRY_VALUES+=(\"$(jsonBoolToYesNo \"$_ANALYTICS_AUTO_COLLECTION\")\")\n  fi\n\n  # config.analytics_collection_deactivated\n  _ANALYTICS_DEACTIVATED=$(getFirebaseJsonKeyValue \"$_JSON_OUTPUT_RAW\" \"analytics_collection_deactivated\")\n  if [[ $_ANALYTICS_DEACTIVATED ]]; then\n    _PLIST_ENTRY_KEYS+=(\"FIREBASE_ANALYTICS_COLLECTION_DEACTIVATED\")\n    _PLIST_ENTRY_TYPES+=(\"bool\")\n    _PLIST_ENTRY_VALUES+=(\"$(jsonBoolToYesNo \"$_ANALYTICS_DEACTIVATED\")\")\n  fi\n\n  # config.analytics_idfv_collection_enabled\n  _ANALYTICS_IDFV_COLLECTION=$(getFirebaseJsonKeyValue \"$_JSON_OUTPUT_RAW\" \"analytics_idfv_collection_enabled\")\n  if [[ $_ANALYTICS_IDFV_COLLECTION ]]; then\n    _PLIST_ENTRY_KEYS+=(\"GOOGLE_ANALYTICS_IDFV_COLLECTION_ENABLED\")\n    _PLIST_ENTRY_TYPES+=(\"bool\")\n    _PLIST_ENTRY_VALUES+=(\"$(jsonBoolToYesNo \"$_ANALYTICS_IDFV_COLLECTION\")\")\n  fi\n\n  # config.analytics_default_allow_ad_personalization_signals\n  _ANALYTICS_PERSONALIZATION=$(getFirebaseJsonKeyValue \"$_JSON_OUTPUT_RAW\" \"analytics_default_allow_ad_personalization_signals\")\n  if [[ $_ANALYTICS_PERSONALIZATION ]]; then\n    _PLIST_ENTRY_KEYS+=(\"GOOGLE_ANALYTICS_DEFAULT_ALLOW_AD_PERSONALIZATION_SIGNALS\")\n    _PLIST_ENTRY_TYPES+=(\"bool\")\n    _PLIST_ENTRY_VALUES+=(\"$(jsonBoolToYesNo \"$_ANALYTICS_PERSONALIZATION\")\")\n  fi\n\n  # config.analytics_registration_with_ad_network_enabled\n  _ANALYTICS_REGISTRATION_WITH_AD_NETWORK=$(getFirebaseJsonKeyValue \"$_JSON_OUTPUT_RAW\" \"google_analytics_registration_with_ad_network_enabled\")\n  if [[ $_ANALYTICS_REGISTRATION_WITH_AD_NETWORK ]]; then\n    _PLIST_ENTRY_KEYS+=(\"GOOGLE_ANALYTICS_REGISTRATION_WITH_AD_NETWORK_ENABLED\")\n    _PLIST_ENTRY_TYPES+=(\"bool\")\n    _PLIST_ENTRY_VALUES+=(\"$(jsonBoolToYesNo \"$_ANALYTICS_REGISTRATION_WITH_AD_NETWORK\")\")\n  fi\n\n  # config.google_analytics_automatic_screen_reporting_enabled\n  _ANALYTICS_AUTO_SCREEN_REPORTING=$(getFirebaseJsonKeyValue \"$_JSON_OUTPUT_RAW\" \"google_analytics_automatic_screen_reporting_enabled\")\n  if [[ $_ANALYTICS_AUTO_SCREEN_REPORTING ]]; then\n    _PLIST_ENTRY_KEYS+=(\"FirebaseAutomaticScreenReportingEnabled\")\n    _PLIST_ENTRY_TYPES+=(\"bool\")\n    _PLIST_ENTRY_VALUES+=(\"$(jsonBoolToYesNo \"$_ANALYTICS_AUTO_SCREEN_REPORTING\")\")\n  fi\n\n  # config.perf_auto_collection_enabled\n  _PERF_AUTO_COLLECTION=$(getFirebaseJsonKeyValue \"$_JSON_OUTPUT_RAW\" \"perf_auto_collection_enabled\")\n  if [[ $_PERF_AUTO_COLLECTION ]]; then\n    _PLIST_ENTRY_KEYS+=(\"firebase_performance_collection_enabled\")\n    _PLIST_ENTRY_TYPES+=(\"bool\")\n    _PLIST_ENTRY_VALUES+=(\"$(jsonBoolToYesNo \"$_PERF_AUTO_COLLECTION\")\")\n  fi\n\n  # config.perf_collection_deactivated\n  _PERF_DEACTIVATED=$(getFirebaseJsonKeyValue \"$_JSON_OUTPUT_RAW\" \"perf_collection_deactivated\")\n  if [[ $_PERF_DEACTIVATED ]]; then\n    _PLIST_ENTRY_KEYS+=(\"firebase_performance_collection_deactivated\")\n    _PLIST_ENTRY_TYPES+=(\"bool\")\n    _PLIST_ENTRY_VALUES+=(\"$(jsonBoolToYesNo \"$_PERF_DEACTIVATED\")\")\n  fi\n\n  # config.messaging_auto_init_enabled\n  _MESSAGING_AUTO_INIT=$(getFirebaseJsonKeyValue \"$_JSON_OUTPUT_RAW\" \"messaging_auto_init_enabled\")\n  if [[ $_MESSAGING_AUTO_INIT ]]; then\n    _PLIST_ENTRY_KEYS+=(\"FirebaseMessagingAutoInitEnabled\")\n    _PLIST_ENTRY_TYPES+=(\"bool\")\n    _PLIST_ENTRY_VALUES+=(\"$(jsonBoolToYesNo \"$_MESSAGING_AUTO_INIT\")\")\n  fi\n\n  # config.in_app_messaging_auto_colllection_enabled\n  _FIAM_AUTO_INIT=$(getFirebaseJsonKeyValue \"$_JSON_OUTPUT_RAW\" \"in_app_messaging_auto_collection_enabled\")\n  if [[ $_FIAM_AUTO_INIT ]]; then\n    _PLIST_ENTRY_KEYS+=(\"FirebaseInAppMessagingAutomaticDataCollectionEnabled\")\n    _PLIST_ENTRY_TYPES+=(\"bool\")\n    _PLIST_ENTRY_VALUES+=(\"$(jsonBoolToYesNo \"$_FIAM_AUTO_INIT\")\")\n  fi\n\n  # config.app_check_token_auto_refresh\n  _APP_CHECK_TOKEN_AUTO_REFRESH=$(getFirebaseJsonKeyValue \"$_JSON_OUTPUT_RAW\" \"app_check_token_auto_refresh\")\n  if [[ $_APP_CHECK_TOKEN_AUTO_REFRESH ]]; then\n    _PLIST_ENTRY_KEYS+=(\"FirebaseAppCheckTokenAutoRefreshEnabled\")\n    _PLIST_ENTRY_TYPES+=(\"bool\")\n    _PLIST_ENTRY_VALUES+=(\"$(jsonBoolToYesNo \"$_APP_CHECK_TOKEN_AUTO_REFRESH\")\")\n  fi\n\n  # config.crashlytics_disable_auto_disabler - undocumented for now - mainly for debugging, document if becomes useful\n  _CRASHLYTICS_AUTO_DISABLE_ENABLED=$(getFirebaseJsonKeyValue \"$_JSON_OUTPUT_RAW\" \"crashlytics_disable_auto_disabler\")\n  if [[ $_CRASHLYTICS_AUTO_DISABLE_ENABLED == \"true\" ]]; then\n    echo \"Disabled Crashlytics auto disabler.\" # do nothing\n  else\n    _PLIST_ENTRY_KEYS+=(\"FirebaseCrashlyticsCollectionEnabled\")\n    _PLIST_ENTRY_TYPES+=(\"bool\")\n    _PLIST_ENTRY_VALUES+=(\"NO\")\n  fi\nelse\n  _PLIST_ENTRY_KEYS+=(\"firebase_json_raw\")\n  _PLIST_ENTRY_TYPES+=(\"string\")\n  _PLIST_ENTRY_VALUES+=(\"$_JSON_OUTPUT_BASE64\")\n  echo \"warning:   A firebase.json file was not found, whilst this file is optional it is recommended to include it to configure firebase services in React Native Firebase.\"\nfi;\n\necho \"info: 2) Injecting Info.plist entries: \"\n\n# Log out the keys we're adding\nfor i in \"${!_PLIST_ENTRY_KEYS[@]}\"; do\n  echo \"    ->  $i) ${_PLIST_ENTRY_KEYS[$i]}\" \"${_PLIST_ENTRY_TYPES[$i]}\" \"${_PLIST_ENTRY_VALUES[$i]}\"\ndone\n\nfor plist in \"${_TARGET_PLIST}\" \"${_DSYM_PLIST}\" ; do\n  if [[ -f \"${plist}\" ]]; then\n\n    # paths with spaces break the call to setPlistValue. temporarily modify\n    # the shell internal field separator variable (IFS), which normally\n    # includes spaces, to consist only of line breaks\n    oldifs=$IFS\n    IFS=\"\n\"\n\n    for i in \"${!_PLIST_ENTRY_KEYS[@]}\"; do\n      setPlistValue \"${_PLIST_ENTRY_KEYS[$i]}\" \"${_PLIST_ENTRY_TYPES[$i]}\" \"${_PLIST_ENTRY_VALUES[$i]}\" \"${plist}\"\n    done\n\n    # restore the original internal field separator value\n    IFS=$oldifs\n  else\n    echo \"warning:   A Info.plist build output file was not found (${plist})\"\n  fi\ndone\n\necho \"info: <- RNFB build script finished\"\n";
		};
		7F65BC735E50FE4DDDFBB825 /* [CP-User] [RNFB] Crashlytics Configuration */ = {
			isa = PBXShellScriptBuildPhase;
			buildActionMask = 2147483647;
			files = (
			);
			inputPaths = (
				"${DWARF_DSYM_FOLDER_PATH}/${DWARF_DSYM_FILE_NAME}/Contents/Resources/DWARF/${TARGET_NAME}",
				"$(SRCROOT)/$(BUILT_PRODUCTS_DIR)/$(INFOPLIST_PATH)",
			);
			name = "[CP-User] [RNFB] Crashlytics Configuration";
			runOnlyForDeploymentPostprocessing = 0;
			shellPath = /bin/sh;
			shellScript = "#!/usr/bin/env bash\n#\n# Copyright (c) 2016-present Invertase Limited & Contributors\n#\n# Licensed under the Apache License, Version 2.0 (the \"License\");\n# you may not use this library except in compliance with the License.\n# You may obtain a copy of the License at\n#\n#   http://www.apache.org/licenses/LICENSE-2.0\n#\n# Unless required by applicable law or agreed to in writing, software\n# distributed under the License is distributed on an \"AS IS\" BASIS,\n# WITHOUT WARRANTIES OR CONDITIONS OF ANY KIND, either express or implied.\n# See the License for the specific language governing permissions and\n# limitations under the License.\n#\nset -e\n\nif [[ ${PODS_ROOT} ]]; then\n  echo \"info: Exec FirebaseCrashlytics Run from Pods\"\n  \"${PODS_ROOT}/FirebaseCrashlytics/run\"\nelse\n  echo \"info: Exec FirebaseCrashlytics Run from framework\"\n  \"${PROJECT_DIR}/FirebaseCrashlytics.framework/run\"\nfi\n";
		};
		A55EABD7B0C7F3A422A6CC61 /* [CP] Check Pods Manifest.lock */ = {
			isa = PBXShellScriptBuildPhase;
			buildActionMask = 2147483647;
			files = (
			);
			inputFileListPaths = (
			);
			inputPaths = (
				"${PODS_PODFILE_DIR_PATH}/Podfile.lock",
				"${PODS_ROOT}/Manifest.lock",
			);
			name = "[CP] Check Pods Manifest.lock";
			outputFileListPaths = (
			);
			outputPaths = (
				"$(DERIVED_FILE_DIR)/Pods-startReactNative-startReactNativeTests-checkManifestLockResult.txt",
			);
			runOnlyForDeploymentPostprocessing = 0;
			shellPath = /bin/sh;
			shellScript = "diff \"${PODS_PODFILE_DIR_PATH}/Podfile.lock\" \"${PODS_ROOT}/Manifest.lock\" > /dev/null\nif [ $? != 0 ] ; then\n    # print error to STDERR\n    echo \"error: The sandbox is not in sync with the Podfile.lock. Run 'pod install' or update your CocoaPods installation.\" >&2\n    exit 1\nfi\n# This output is used by Xcode 'outputs' to avoid re-running this script phase.\necho \"SUCCESS\" > \"${SCRIPT_OUTPUT_FILE_0}\"\n";
			showEnvVarsInLog = 0;
		};
		C38B50BA6285516D6DCD4F65 /* [CP] Check Pods Manifest.lock */ = {
			isa = PBXShellScriptBuildPhase;
			buildActionMask = 2147483647;
			files = (
			);
			inputFileListPaths = (
			);
			inputPaths = (
				"${PODS_PODFILE_DIR_PATH}/Podfile.lock",
				"${PODS_ROOT}/Manifest.lock",
			);
			name = "[CP] Check Pods Manifest.lock";
			outputFileListPaths = (
			);
			outputPaths = (
				"$(DERIVED_FILE_DIR)/Pods-startReactNative-checkManifestLockResult.txt",
			);
			runOnlyForDeploymentPostprocessing = 0;
			shellPath = /bin/sh;
			shellScript = "diff \"${PODS_PODFILE_DIR_PATH}/Podfile.lock\" \"${PODS_ROOT}/Manifest.lock\" > /dev/null\nif [ $? != 0 ] ; then\n    # print error to STDERR\n    echo \"error: The sandbox is not in sync with the Podfile.lock. Run 'pod install' or update your CocoaPods installation.\" >&2\n    exit 1\nfi\n# This output is used by Xcode 'outputs' to avoid re-running this script phase.\necho \"SUCCESS\" > \"${SCRIPT_OUTPUT_FILE_0}\"\n";
			showEnvVarsInLog = 0;
		};
		C59DA0FBD6956966B86A3779 /* [CP] Embed Pods Frameworks */ = {
			isa = PBXShellScriptBuildPhase;
			buildActionMask = 2147483647;
			files = (
			);
			inputFileListPaths = (
				"${PODS_ROOT}/Target Support Files/Pods-startReactNative-startReactNativeTests/Pods-startReactNative-startReactNativeTests-frameworks-${CONFIGURATION}-input-files.xcfilelist",
			);
			name = "[CP] Embed Pods Frameworks";
			outputFileListPaths = (
				"${PODS_ROOT}/Target Support Files/Pods-startReactNative-startReactNativeTests/Pods-startReactNative-startReactNativeTests-frameworks-${CONFIGURATION}-output-files.xcfilelist",
			);
			runOnlyForDeploymentPostprocessing = 0;
			shellPath = /bin/sh;
			shellScript = "\"${PODS_ROOT}/Target Support Files/Pods-startReactNative-startReactNativeTests/Pods-startReactNative-startReactNativeTests-frameworks.sh\"\n";
			showEnvVarsInLog = 0;
		};
		E235C05ADACE081382539298 /* [CP] Copy Pods Resources */ = {
			isa = PBXShellScriptBuildPhase;
			buildActionMask = 2147483647;
			files = (
			);
			inputFileListPaths = (
				"${PODS_ROOT}/Target Support Files/Pods-startReactNative/Pods-startReactNative-resources-${CONFIGURATION}-input-files.xcfilelist",
			);
			name = "[CP] Copy Pods Resources";
			outputFileListPaths = (
				"${PODS_ROOT}/Target Support Files/Pods-startReactNative/Pods-startReactNative-resources-${CONFIGURATION}-output-files.xcfilelist",
			);
			runOnlyForDeploymentPostprocessing = 0;
			shellPath = /bin/sh;
			shellScript = "\"${PODS_ROOT}/Target Support Files/Pods-startReactNative/Pods-startReactNative-resources.sh\"\n";
			showEnvVarsInLog = 0;
		};
		F6A41C54EA430FDDC6A6ED99 /* [CP] Copy Pods Resources */ = {
			isa = PBXShellScriptBuildPhase;
			buildActionMask = 2147483647;
			files = (
			);
			inputFileListPaths = (
				"${PODS_ROOT}/Target Support Files/Pods-startReactNative-startReactNativeTests/Pods-startReactNative-startReactNativeTests-resources-${CONFIGURATION}-input-files.xcfilelist",
			);
			name = "[CP] Copy Pods Resources";
			outputFileListPaths = (
				"${PODS_ROOT}/Target Support Files/Pods-startReactNative-startReactNativeTests/Pods-startReactNative-startReactNativeTests-resources-${CONFIGURATION}-output-files.xcfilelist",
			);
			runOnlyForDeploymentPostprocessing = 0;
			shellPath = /bin/sh;
			shellScript = "\"${PODS_ROOT}/Target Support Files/Pods-startReactNative-startReactNativeTests/Pods-startReactNative-startReactNativeTests-resources.sh\"\n";
			showEnvVarsInLog = 0;
		};
		FD10A7F022414F080027D42C /* Start Packager */ = {
			isa = PBXShellScriptBuildPhase;
			buildActionMask = 2147483647;
			files = (
			);
			inputFileListPaths = (
			);
			inputPaths = (
			);
			name = "Start Packager";
			outputFileListPaths = (
			);
			outputPaths = (
			);
			runOnlyForDeploymentPostprocessing = 0;
			shellPath = /bin/sh;
			shellScript = "export RCT_METRO_PORT=\"${RCT_METRO_PORT:=8081}\"\necho \"export RCT_METRO_PORT=${RCT_METRO_PORT}\" > \"${SRCROOT}/../node_modules/react-native/scripts/.packager.env\"\nif [ -z \"${RCT_NO_LAUNCH_PACKAGER+xxx}\" ] ; then\n  if nc -w 5 -z localhost ${RCT_METRO_PORT} ; then\n    if ! curl -s \"http://localhost:${RCT_METRO_PORT}/status\" | grep -q \"packager-status:running\" ; then\n      echo \"Port ${RCT_METRO_PORT} already in use, packager is either not running or not running correctly\"\n      exit 2\n    fi\n  else\n    open \"$SRCROOT/../node_modules/react-native/scripts/launchPackager.command\" || echo \"Can't start packager automatically\"\n  fi\nfi\n";
			showEnvVarsInLog = 0;
		};
/* End PBXShellScriptBuildPhase section */

/* Begin PBXSourcesBuildPhase section */
		00E356EA1AD99517003FC87E /* Sources */ = {
			isa = PBXSourcesBuildPhase;
			buildActionMask = 2147483647;
			files = (
				00E356F31AD99517003FC87E /* startReactNativeTests.m in Sources */,
			);
			runOnlyForDeploymentPostprocessing = 0;
		};
		13B07F871A680F5B00A75B9A /* Sources */ = {
			isa = PBXSourcesBuildPhase;
			buildActionMask = 2147483647;
			files = (
				13B07FBC1A68108700A75B9A /* AppDelegate.mm in Sources */,
				9B0F9C1C29D728EC0004DB80 /* File.swift in Sources */,
				13B07FC11A68108700A75B9A /* main.m in Sources */,
			);
			runOnlyForDeploymentPostprocessing = 0;
		};
/* End PBXSourcesBuildPhase section */

/* Begin PBXTargetDependency section */
		00E356F51AD99517003FC87E /* PBXTargetDependency */ = {
			isa = PBXTargetDependency;
			target = 13B07F861A680F5B00A75B9A /* startReactNative */;
			targetProxy = 00E356F41AD99517003FC87E /* PBXContainerItemProxy */;
		};
/* End PBXTargetDependency section */

/* Begin XCBuildConfiguration section */
		00E356F61AD99517003FC87E /* Debug */ = {
			isa = XCBuildConfiguration;
			baseConfigurationReference = 5B7EB9410499542E8C5724F5 /* Pods-startReactNative-startReactNativeTests.debug.xcconfig */;
			buildSettings = {
				ALWAYS_EMBED_SWIFT_STANDARD_LIBRARIES = YES;
				BUNDLE_LOADER = "$(TEST_HOST)";
				GCC_PREPROCESSOR_DEFINITIONS = (
					"DEBUG=1",
					"$(inherited)",
				);
				INFOPLIST_FILE = startReactNativeTests/Info.plist;
				IPHONEOS_DEPLOYMENT_TARGET = 12.4;
				LD_RUNPATH_SEARCH_PATHS = (
					"$(inherited)",
					"@executable_path/Frameworks",
					"@loader_path/Frameworks",
				);
				OTHER_LDFLAGS = (
					"-ObjC",
					"-lc++",
					"$(inherited)",
				);
				PRODUCT_BUNDLE_IDENTIFIER = "org.reactjs.native.example.$(PRODUCT_NAME:rfc1034identifier)";
				PRODUCT_NAME = "$(TARGET_NAME)";
				TEST_HOST = "$(BUILT_PRODUCTS_DIR)/startReactNative.app/startReactNative";
			};
			name = Debug;
		};
		00E356F71AD99517003FC87E /* Release */ = {
			isa = XCBuildConfiguration;
			baseConfigurationReference = 89C6BE57DB24E9ADA2F236DE /* Pods-startReactNative-startReactNativeTests.release.xcconfig */;
			buildSettings = {
				ALWAYS_EMBED_SWIFT_STANDARD_LIBRARIES = YES;
				BUNDLE_LOADER = "$(TEST_HOST)";
				COPY_PHASE_STRIP = NO;
				INFOPLIST_FILE = startReactNativeTests/Info.plist;
				IPHONEOS_DEPLOYMENT_TARGET = 12.4;
				LD_RUNPATH_SEARCH_PATHS = (
					"$(inherited)",
					"@executable_path/Frameworks",
					"@loader_path/Frameworks",
				);
				OTHER_LDFLAGS = (
					"-ObjC",
					"-lc++",
					"$(inherited)",
				);
				PRODUCT_BUNDLE_IDENTIFIER = "org.reactjs.native.example.$(PRODUCT_NAME:rfc1034identifier)";
				PRODUCT_NAME = "$(TARGET_NAME)";
				TEST_HOST = "$(BUILT_PRODUCTS_DIR)/startReactNative.app/startReactNative";
			};
			name = Release;
		};
		13B07F941A680F5B00A75B9A /* Debug */ = {
			isa = XCBuildConfiguration;
			baseConfigurationReference = 3B4392A12AC88292D35C810B /* Pods-startReactNative.debug.xcconfig */;
			buildSettings = {
				ASSETCATALOG_COMPILER_APPICON_NAME = AppIcon;
				CLANG_ENABLE_MODULES = YES;
				CODE_SIGN_ENTITLEMENTS = startReactNative/startReactNative.entitlements;
				CURRENT_PROJECT_VERSION = 1;
				ENABLE_BITCODE = NO;
				INFOPLIST_FILE = startReactNative/Info.plist;
				LD_RUNPATH_SEARCH_PATHS = (
					"$(inherited)",
					"@executable_path/Frameworks",
				);
				MARKETING_VERSION = 1.0;
				OTHER_LDFLAGS = (
					"$(inherited)",
					"-ObjC",
					"-lc++",
				);
				PRODUCT_BUNDLE_IDENTIFIER = "org.reactjs.native.example.$(PRODUCT_NAME:rfc1034identifier)";
				PRODUCT_NAME = startReactNative;
				SUPPORTED_PLATFORMS = "iphoneos iphonesimulator";
				SUPPORTS_MACCATALYST = NO;
				SUPPORTS_MAC_DESIGNED_FOR_IPHONE_IPAD = YES;
				SWIFT_OBJC_BRIDGING_HEADER = "startReactNative-Bridging-Header.h";
				SWIFT_OPTIMIZATION_LEVEL = "-Onone";
				SWIFT_VERSION = 5.0;
				TARGETED_DEVICE_FAMILY = "1,2";
				VERSIONING_SYSTEM = "apple-generic";
			};
			name = Debug;
		};
		13B07F951A680F5B00A75B9A /* Release */ = {
			isa = XCBuildConfiguration;
			baseConfigurationReference = 5709B34CF0A7D63546082F79 /* Pods-startReactNative.release.xcconfig */;
			buildSettings = {
				ASSETCATALOG_COMPILER_APPICON_NAME = AppIcon;
				CLANG_ENABLE_MODULES = YES;
				CODE_SIGN_ENTITLEMENTS = startReactNative/startReactNative.entitlements;
				CURRENT_PROJECT_VERSION = 1;
				INFOPLIST_FILE = startReactNative/Info.plist;
				LD_RUNPATH_SEARCH_PATHS = (
					"$(inherited)",
					"@executable_path/Frameworks",
				);
				MARKETING_VERSION = 1.0;
				OTHER_LDFLAGS = (
					"$(inherited)",
					"-ObjC",
					"-lc++",
				);
				PRODUCT_BUNDLE_IDENTIFIER = "org.reactjs.native.example.$(PRODUCT_NAME:rfc1034identifier)";
				PRODUCT_NAME = startReactNative;
				SUPPORTED_PLATFORMS = "iphoneos iphonesimulator";
				SUPPORTS_MACCATALYST = NO;
				SUPPORTS_MAC_DESIGNED_FOR_IPHONE_IPAD = YES;
				SWIFT_OBJC_BRIDGING_HEADER = "startReactNative-Bridging-Header.h";
				SWIFT_VERSION = 5.0;
				TARGETED_DEVICE_FAMILY = "1,2";
				VERSIONING_SYSTEM = "apple-generic";
			};
			name = Release;
		};
		83CBBA201A601CBA00E9B192 /* Debug */ = {
			isa = XCBuildConfiguration;
			buildSettings = {
				ALWAYS_SEARCH_USER_PATHS = NO;
				CLANG_ANALYZER_LOCALIZABILITY_NONLOCALIZED = YES;
				CLANG_CXX_LANGUAGE_STANDARD = "c++17";
				CLANG_CXX_LIBRARY = "libc++";
				CLANG_ENABLE_MODULES = YES;
				CLANG_ENABLE_OBJC_ARC = YES;
				CLANG_WARN_BLOCK_CAPTURE_AUTORELEASING = YES;
				CLANG_WARN_BOOL_CONVERSION = YES;
				CLANG_WARN_COMMA = YES;
				CLANG_WARN_CONSTANT_CONVERSION = YES;
				CLANG_WARN_DEPRECATED_OBJC_IMPLEMENTATIONS = YES;
				CLANG_WARN_DIRECT_OBJC_ISA_USAGE = YES_ERROR;
				CLANG_WARN_EMPTY_BODY = YES;
				CLANG_WARN_ENUM_CONVERSION = YES;
				CLANG_WARN_INFINITE_RECURSION = YES;
				CLANG_WARN_INT_CONVERSION = YES;
				CLANG_WARN_NON_LITERAL_NULL_CONVERSION = YES;
				CLANG_WARN_OBJC_IMPLICIT_RETAIN_SELF = YES;
				CLANG_WARN_OBJC_LITERAL_CONVERSION = YES;
				CLANG_WARN_OBJC_ROOT_CLASS = YES_ERROR;
				CLANG_WARN_QUOTED_INCLUDE_IN_FRAMEWORK_HEADER = YES;
				CLANG_WARN_RANGE_LOOP_ANALYSIS = YES;
				CLANG_WARN_STRICT_PROTOTYPES = YES;
				CLANG_WARN_SUSPICIOUS_MOVE = YES;
				CLANG_WARN_UNREACHABLE_CODE = YES;
				CLANG_WARN__DUPLICATE_METHOD_MATCH = YES;
				"CODE_SIGN_IDENTITY[sdk=iphoneos*]" = "iPhone Developer";
				COPY_PHASE_STRIP = NO;
				ENABLE_STRICT_OBJC_MSGSEND = YES;
				ENABLE_TESTABILITY = YES;
				"EXCLUDED_ARCHS[sdk=iphonesimulator*]" = i386;
				GCC_C_LANGUAGE_STANDARD = gnu99;
				GCC_DYNAMIC_NO_PIC = NO;
				GCC_NO_COMMON_BLOCKS = YES;
				GCC_OPTIMIZATION_LEVEL = 0;
				GCC_PREPROCESSOR_DEFINITIONS = (
					"DEBUG=1",
					"$(inherited)",
				);
				GCC_SYMBOLS_PRIVATE_EXTERN = NO;
				GCC_WARN_64_TO_32_BIT_CONVERSION = YES;
				GCC_WARN_ABOUT_RETURN_TYPE = YES_ERROR;
				GCC_WARN_UNDECLARED_SELECTOR = YES;
				GCC_WARN_UNINITIALIZED_AUTOS = YES_AGGRESSIVE;
				GCC_WARN_UNUSED_FUNCTION = YES;
				GCC_WARN_UNUSED_VARIABLE = YES;
				IPHONEOS_DEPLOYMENT_TARGET = 12.4;
				LD_RUNPATH_SEARCH_PATHS = (
					/usr/lib/swift,
					"$(inherited)",
				);
				LIBRARY_SEARCH_PATHS = (
					"\"$(SDKROOT)/usr/lib/swift\"",
					"\"$(TOOLCHAIN_DIR)/usr/lib/swift/$(PLATFORM_NAME)\"",
					"\"$(inherited)\"",
				);
				MTL_ENABLE_DEBUG_INFO = YES;
				ONLY_ACTIVE_ARCH = YES;
				OTHER_CPLUSPLUSFLAGS = (
					"$(OTHER_CFLAGS)",
					"-DFOLLY_NO_CONFIG",
					"-DFOLLY_MOBILE=1",
					"-DFOLLY_USE_LIBCPP=1",
				);
				REACT_NATIVE_PATH = "${PODS_ROOT}/../../node_modules/react-native";
				SDKROOT = iphoneos;
			};
			name = Debug;
		};
		83CBBA211A601CBA00E9B192 /* Release */ = {
			isa = XCBuildConfiguration;
			buildSettings = {
				ALWAYS_SEARCH_USER_PATHS = NO;
				CLANG_ANALYZER_LOCALIZABILITY_NONLOCALIZED = YES;
				CLANG_CXX_LANGUAGE_STANDARD = "c++17";
				CLANG_CXX_LIBRARY = "libc++";
				CLANG_ENABLE_MODULES = YES;
				CLANG_ENABLE_OBJC_ARC = YES;
				CLANG_WARN_BLOCK_CAPTURE_AUTORELEASING = YES;
				CLANG_WARN_BOOL_CONVERSION = YES;
				CLANG_WARN_COMMA = YES;
				CLANG_WARN_CONSTANT_CONVERSION = YES;
				CLANG_WARN_DEPRECATED_OBJC_IMPLEMENTATIONS = YES;
				CLANG_WARN_DIRECT_OBJC_ISA_USAGE = YES_ERROR;
				CLANG_WARN_EMPTY_BODY = YES;
				CLANG_WARN_ENUM_CONVERSION = YES;
				CLANG_WARN_INFINITE_RECURSION = YES;
				CLANG_WARN_INT_CONVERSION = YES;
				CLANG_WARN_NON_LITERAL_NULL_CONVERSION = YES;
				CLANG_WARN_OBJC_IMPLICIT_RETAIN_SELF = YES;
				CLANG_WARN_OBJC_LITERAL_CONVERSION = YES;
				CLANG_WARN_OBJC_ROOT_CLASS = YES_ERROR;
				CLANG_WARN_QUOTED_INCLUDE_IN_FRAMEWORK_HEADER = YES;
				CLANG_WARN_RANGE_LOOP_ANALYSIS = YES;
				CLANG_WARN_STRICT_PROTOTYPES = YES;
				CLANG_WARN_SUSPICIOUS_MOVE = YES;
				CLANG_WARN_UNREACHABLE_CODE = YES;
				CLANG_WARN__DUPLICATE_METHOD_MATCH = YES;
				"CODE_SIGN_IDENTITY[sdk=iphoneos*]" = "iPhone Developer";
				COPY_PHASE_STRIP = YES;
				ENABLE_NS_ASSERTIONS = NO;
				ENABLE_STRICT_OBJC_MSGSEND = YES;
				"EXCLUDED_ARCHS[sdk=iphonesimulator*]" = i386;
				GCC_C_LANGUAGE_STANDARD = gnu99;
				GCC_NO_COMMON_BLOCKS = YES;
				GCC_WARN_64_TO_32_BIT_CONVERSION = YES;
				GCC_WARN_ABOUT_RETURN_TYPE = YES_ERROR;
				GCC_WARN_UNDECLARED_SELECTOR = YES;
				GCC_WARN_UNINITIALIZED_AUTOS = YES_AGGRESSIVE;
				GCC_WARN_UNUSED_FUNCTION = YES;
				GCC_WARN_UNUSED_VARIABLE = YES;
				IPHONEOS_DEPLOYMENT_TARGET = 12.4;
				LD_RUNPATH_SEARCH_PATHS = (
					/usr/lib/swift,
					"$(inherited)",
				);
				LIBRARY_SEARCH_PATHS = (
					"\"$(SDKROOT)/usr/lib/swift\"",
					"\"$(TOOLCHAIN_DIR)/usr/lib/swift/$(PLATFORM_NAME)\"",
					"\"$(inherited)\"",
				);
				MTL_ENABLE_DEBUG_INFO = NO;
				OTHER_CPLUSPLUSFLAGS = (
					"$(OTHER_CFLAGS)",
					"-DFOLLY_NO_CONFIG",
					"-DFOLLY_MOBILE=1",
					"-DFOLLY_USE_LIBCPP=1",
				);
				REACT_NATIVE_PATH = "${PODS_ROOT}/../../node_modules/react-native";
				SDKROOT = iphoneos;
				VALIDATE_PRODUCT = YES;
			};
			name = Release;
		};
/* End XCBuildConfiguration section */

/* Begin XCConfigurationList section */
		00E357021AD99517003FC87E /* Build configuration list for PBXNativeTarget "startReactNativeTests" */ = {
			isa = XCConfigurationList;
			buildConfigurations = (
				00E356F61AD99517003FC87E /* Debug */,
				00E356F71AD99517003FC87E /* Release */,
			);
			defaultConfigurationIsVisible = 0;
			defaultConfigurationName = Release;
		};
		13B07F931A680F5B00A75B9A /* Build configuration list for PBXNativeTarget "startReactNative" */ = {
			isa = XCConfigurationList;
			buildConfigurations = (
				13B07F941A680F5B00A75B9A /* Debug */,
				13B07F951A680F5B00A75B9A /* Release */,
			);
			defaultConfigurationIsVisible = 0;
			defaultConfigurationName = Release;
		};
		83CBB9FA1A601CBA00E9B192 /* Build configuration list for PBXProject "startReactNative" */ = {
			isa = XCConfigurationList;
			buildConfigurations = (
				83CBBA201A601CBA00E9B192 /* Debug */,
				83CBBA211A601CBA00E9B192 /* Release */,
			);
			defaultConfigurationIsVisible = 0;
			defaultConfigurationName = Release;
		};
/* End XCConfigurationList section */
	};
	rootObject = 83CBB9F71A601CBA00E9B192 /* Project object */;
}
